// !$*UTF8*$!
{
	archiveVersion = 1;
	classes = {
	};
	objectVersion = 48;
	objects = {

/* Begin PBXBuildFile section */
		62282C6A1F9CCF8F007E3ABE /* CommodityModel.m in Sources */ = {isa = PBXBuildFile; fileRef = 62282C691F9CCF8F007E3ABE /* CommodityModel.m */; };
		62282C6D1F9E2C02007E3ABE /* CommodityTableViewCell.m in Sources */ = {isa = PBXBuildFile; fileRef = 62282C6C1F9E2C02007E3ABE /* CommodityTableViewCell.m */; };
		62282C711F9E2FB1007E3ABE /* NSString+CGSize.m in Sources */ = {isa = PBXBuildFile; fileRef = 62282C701F9E2FB1007E3ABE /* NSString+CGSize.m */; };
		62282C741F9F7998007E3ABE /* UIColor+Translate.m in Sources */ = {isa = PBXBuildFile; fileRef = 62282C731F9F7998007E3ABE /* UIColor+Translate.m */; };
		62282D141FA49F6E007E3ABE /* libCrasheye.a in Frameworks */ = {isa = PBXBuildFile; fileRef = 62282D0C1FA49F6E007E3ABE /* libCrasheye.a */; };
		62282D191FA49FDD007E3ABE /* libz.tbd in Frameworks */ = {isa = PBXBuildFile; fileRef = 62282D181FA49FDD007E3ABE /* libz.tbd */; };
		62282D1B1FA49FF5007E3ABE /* libc++.tbd in Frameworks */ = {isa = PBXBuildFile; fileRef = 62282D1A1FA49FF5007E3ABE /* libc++.tbd */; };
		62282D1D1FA4A691007E3ABE /* CoreTelephony.framework in Frameworks */ = {isa = PBXBuildFile; fileRef = 62282D1C1FA4A691007E3ABE /* CoreTelephony.framework */; };
		62282D1F1FA4A6B1007E3ABE /* libsqlite3.tbd in Frameworks */ = {isa = PBXBuildFile; fileRef = 62282D1E1FA4A6B1007E3ABE /* libsqlite3.tbd */; };
		62282D211FA4A6B8007E3ABE /* SystemConfiguration.framework in Frameworks */ = {isa = PBXBuildFile; fileRef = 62282D201FA4A6B8007E3ABE /* SystemConfiguration.framework */; };
		62282D291FA4A76B007E3ABE /* UMCommon.framework in Frameworks */ = {isa = PBXBuildFile; fileRef = 62282D261FA4A76B007E3ABE /* UMCommon.framework */; };
		62282D2A1FA4A76B007E3ABE /* UMAnalytics.framework in Frameworks */ = {isa = PBXBuildFile; fileRef = 62282D281FA4A76B007E3ABE /* UMAnalytics.framework */; };
		62282D2E1FA4A9DA007E3ABE /* UTDID.framework in Frameworks */ = {isa = PBXBuildFile; fileRef = 62282D2D1FA4A9D9007E3ABE /* UTDID.framework */; };
		62282D311FA5FDA3007E3ABE /* LogInViewController.m in Sources */ = {isa = PBXBuildFile; fileRef = 62282D301FA5FDA3007E3ABE /* LogInViewController.m */; };
		62282D4C1FA60011007E3ABE /* UMSocialSDKResources.bundle in Resources */ = {isa = PBXBuildFile; fileRef = 62282D341FA60011007E3ABE /* UMSocialSDKResources.bundle */; };
		62282D4D1FA60011007E3ABE /* UShareUI.framework in Frameworks */ = {isa = PBXBuildFile; fileRef = 62282D351FA60011007E3ABE /* UShareUI.framework */; };
		62282D4E1FA60011007E3ABE /* UMSocialNetwork.framework in Frameworks */ = {isa = PBXBuildFile; fileRef = 62282D371FA60011007E3ABE /* UMSocialNetwork.framework */; };
		62282D4F1FA60011007E3ABE /* UMSocialSDKPromptResources.bundle in Resources */ = {isa = PBXBuildFile; fileRef = 62282D381FA60011007E3ABE /* UMSocialSDKPromptResources.bundle */; };
		62282D501FA60011007E3ABE /* UMSocialCore.framework in Frameworks */ = {isa = PBXBuildFile; fileRef = 62282D391FA60011007E3ABE /* UMSocialCore.framework */; };
		62282D511FA60011007E3ABE /* libSocialSMS.a in Frameworks */ = {isa = PBXBuildFile; fileRef = 62282D3C1FA60011007E3ABE /* libSocialSMS.a */; };
		62282D521FA60011007E3ABE /* libSocialUniqueId.a in Frameworks */ = {isa = PBXBuildFile; fileRef = 62282D401FA60011007E3ABE /* libSocialUniqueId.a */; };
		62282D531FA60011007E3ABE /* libSocialWeChat.a in Frameworks */ = {isa = PBXBuildFile; fileRef = 62282D421FA60011007E3ABE /* libSocialWeChat.a */; };
		62282D541FA60011007E3ABE /* libSocialSina.a in Frameworks */ = {isa = PBXBuildFile; fileRef = 62282D451FA60011007E3ABE /* libSocialSina.a */; };
		62282D551FA60011007E3ABE /* libSocialQQ.a in Frameworks */ = {isa = PBXBuildFile; fileRef = 62282D491FA60011007E3ABE /* libSocialQQ.a */; };
		62282D561FA60011007E3ABE /* libUMSocialLog.a in Frameworks */ = {isa = PBXBuildFile; fileRef = 62282D4B1FA60011007E3ABE /* libUMSocialLog.a */; };
		62282D591FA6097C007E3ABE /* SHFMDBManager.m in Sources */ = {isa = PBXBuildFile; fileRef = 62282D581FA6097C007E3ABE /* SHFMDBManager.m */; };
		622B8AE91FA9646F0080552F /* HomeViewController.m in Sources */ = {isa = PBXBuildFile; fileRef = 622B8AE81FA9646F0080552F /* HomeViewController.m */; };
		622B8AEF1FA969A20080552F /* SearchViewController.m in Sources */ = {isa = PBXBuildFile; fileRef = 622B8AEE1FA969A20080552F /* SearchViewController.m */; };
		622B8AF21FA96B140080552F /* PersonalRightsViewController.m in Sources */ = {isa = PBXBuildFile; fileRef = 622B8AF11FA96B140080552F /* PersonalRightsViewController.m */; };
		622B8AF51FA96BBA0080552F /* PersonalRightsModel.m in Sources */ = {isa = PBXBuildFile; fileRef = 622B8AF41FA96BBA0080552F /* PersonalRightsModel.m */; };
		622B8AF81FA9ACDC0080552F /* PersonalRightsCell.m in Sources */ = {isa = PBXBuildFile; fileRef = 622B8AF71FA9ACDC0080552F /* PersonalRightsCell.m */; };
		622B8AFB1FA9ADBC0080552F /* SHPlainTableView.m in Sources */ = {isa = PBXBuildFile; fileRef = 622B8AFA1FA9ADBC0080552F /* SHPlainTableView.m */; };
		622B8AFE1FAA0A6E0080552F /* PersonalRightsRewardingViewController.m in Sources */ = {isa = PBXBuildFile; fileRef = 622B8AFD1FAA0A6E0080552F /* PersonalRightsRewardingViewController.m */; };
		622B8B011FAD964D0080552F /* BaseAbnormalViewController.m in Sources */ = {isa = PBXBuildFile; fileRef = 622B8B001FAD964D0080552F /* BaseAbnormalViewController.m */; };
		622B8B041FAD96A30080552F /* NoDataView.m in Sources */ = {isa = PBXBuildFile; fileRef = 622B8B031FAD96A30080552F /* NoDataView.m */; };
		622B8B071FAD96BD0080552F /* NoInternetView.m in Sources */ = {isa = PBXBuildFile; fileRef = 622B8B061FAD96BD0080552F /* NoInternetView.m */; };
		622B8B0A1FAD99460080552F /* BaseTableViewController.m in Sources */ = {isa = PBXBuildFile; fileRef = 622B8B091FAD99450080552F /* BaseTableViewController.m */; };
		6275CED41FAC144600A1C616 /* ModelWithState.m in Sources */ = {isa = PBXBuildFile; fileRef = 6275CED11FAC144600A1C616 /* ModelWithState.m */; };
		6275CED51FAC144600A1C616 /* ModelWithTitle.m in Sources */ = {isa = PBXBuildFile; fileRef = 6275CED31FAC144600A1C616 /* ModelWithTitle.m */; };
		6275CED81FAC14AF00A1C616 /* LiveWithDeleteImageView.m in Sources */ = {isa = PBXBuildFile; fileRef = 6275CED71FAC14AF00A1C616 /* LiveWithDeleteImageView.m */; };
		6275CEDD1FAC14CD00A1C616 /* TableViewCellWithSwitch.m in Sources */ = {isa = PBXBuildFile; fileRef = 6275CEDA1FAC14CD00A1C616 /* TableViewCellWithSwitch.m */; };
		6275CEDE1FAC14CD00A1C616 /* TableViewCellWithTitle.m in Sources */ = {isa = PBXBuildFile; fileRef = 6275CEDC1FAC14CD00A1C616 /* TableViewCellWithTitle.m */; };
		6275CEE31FAC34C000A1C616 /* libSHUIImagePickerControllerLibrary.a in Frameworks */ = {isa = PBXBuildFile; fileRef = 6275CEE01FAC34C000A1C616 /* libSHUIImagePickerControllerLibrary.a */; };
		6275CEE41FAC34C000A1C616 /* SHUIImagePickerControllerLibrarySource.bundle in Resources */ = {isa = PBXBuildFile; fileRef = 6275CEE21FAC34C000A1C616 /* SHUIImagePickerControllerLibrarySource.bundle */; };
		6275CF091FAC38FC00A1C616 /* frame_icon@2x.png in Resources */ = {isa = PBXBuildFile; fileRef = 6275CEEF1FAC38FC00A1C616 /* frame_icon@2x.png */; };
		6275CF0A1FAC38FC00A1C616 /* frame_icon@3x.png in Resources */ = {isa = PBXBuildFile; fileRef = 6275CEF01FAC38FC00A1C616 /* frame_icon@3x.png */; };
		6275CF0B1FAC38FC00A1C616 /* line@2x.png in Resources */ = {isa = PBXBuildFile; fileRef = 6275CEF11FAC38FC00A1C616 /* line@2x.png */; };
		6275CF0C1FAC38FC00A1C616 /* line@3x.png in Resources */ = {isa = PBXBuildFile; fileRef = 6275CEF21FAC38FC00A1C616 /* line@3x.png */; };
		6275CF0D1FAC38FC00A1C616 /* arrow_duf@2x.png in Resources */ = {isa = PBXBuildFile; fileRef = 6275CEF31FAC38FC00A1C616 /* arrow_duf@2x.png */; };
		6275CF0E1FAC38FC00A1C616 /* arrow_duf@3x.png in Resources */ = {isa = PBXBuildFile; fileRef = 6275CEF41FAC38FC00A1C616 /* arrow_duf@3x.png */; };
		6275CF0F1FAC38FC00A1C616 /* back@2x.png in Resources */ = {isa = PBXBuildFile; fileRef = 6275CEF51FAC38FC00A1C616 /* back@2x.png */; };
		6275CF101FAC38FC00A1C616 /* back@3x.png in Resources */ = {isa = PBXBuildFile; fileRef = 6275CEF61FAC38FC00A1C616 /* back@3x.png */; };
		6275CF111FAC38FD00A1C616 /* noData@2x.png in Resources */ = {isa = PBXBuildFile; fileRef = 6275CEF71FAC38FC00A1C616 /* noData@2x.png */; };
		6275CF121FAC38FD00A1C616 /* noData@3x.png in Resources */ = {isa = PBXBuildFile; fileRef = 6275CEF81FAC38FC00A1C616 /* noData@3x.png */; };
		6275CF131FAC38FD00A1C616 /* NoInternet@2x.png in Resources */ = {isa = PBXBuildFile; fileRef = 6275CEF91FAC38FC00A1C616 /* NoInternet@2x.png */; };
		6275CF141FAC38FD00A1C616 /* NoInternet@3x.png in Resources */ = {isa = PBXBuildFile; fileRef = 6275CEFA1FAC38FC00A1C616 /* NoInternet@3x.png */; };
		6275CF151FAC38FD00A1C616 /* QQ@2x.png in Resources */ = {isa = PBXBuildFile; fileRef = 6275CEFB1FAC38FC00A1C616 /* QQ@2x.png */; };
		6275CF161FAC38FD00A1C616 /* QQ@3x.png in Resources */ = {isa = PBXBuildFile; fileRef = 6275CEFC1FAC38FC00A1C616 /* QQ@3x.png */; };
		6275CF171FAC38FD00A1C616 /* refresh@2x.png in Resources */ = {isa = PBXBuildFile; fileRef = 6275CEFD1FAC38FC00A1C616 /* refresh@2x.png */; };
		6275CF181FAC38FD00A1C616 /* refresh@3x.png in Resources */ = {isa = PBXBuildFile; fileRef = 6275CEFE1FAC38FC00A1C616 /* refresh@3x.png */; };
		6275CF191FAC38FD00A1C616 /* refreshHighlighted@2x.png in Resources */ = {isa = PBXBuildFile; fileRef = 6275CEFF1FAC38FC00A1C616 /* refreshHighlighted@2x.png */; };
		6275CF1A1FAC38FD00A1C616 /* refreshHighlighted@3x.png in Resources */ = {isa = PBXBuildFile; fileRef = 6275CF001FAC38FC00A1C616 /* refreshHighlighted@3x.png */; };
		6275CF1B1FAC38FD00A1C616 /* search@2x.png in Resources */ = {isa = PBXBuildFile; fileRef = 6275CF011FAC38FC00A1C616 /* search@2x.png */; };
		6275CF1C1FAC38FD00A1C616 /* search@3x.png in Resources */ = {isa = PBXBuildFile; fileRef = 6275CF021FAC38FC00A1C616 /* search@3x.png */; };
		6275CF1D1FAC38FD00A1C616 /* share@2x.png in Resources */ = {isa = PBXBuildFile; fileRef = 6275CF031FAC38FC00A1C616 /* share@2x.png */; };
		6275CF1E1FAC38FD00A1C616 /* share@3x.png in Resources */ = {isa = PBXBuildFile; fileRef = 6275CF041FAC38FC00A1C616 /* share@3x.png */; };
		6275CF1F1FAC38FD00A1C616 /* weibo@2x.png in Resources */ = {isa = PBXBuildFile; fileRef = 6275CF051FAC38FC00A1C616 /* weibo@2x.png */; };
		6275CF201FAC38FD00A1C616 /* weibo@3x.png in Resources */ = {isa = PBXBuildFile; fileRef = 6275CF061FAC38FC00A1C616 /* weibo@3x.png */; };
		6275CF211FAC38FD00A1C616 /* weixin@2x.png in Resources */ = {isa = PBXBuildFile; fileRef = 6275CF071FAC38FC00A1C616 /* weixin@2x.png */; };
		6275CF221FAC38FD00A1C616 /* weixin@3x.png in Resources */ = {isa = PBXBuildFile; fileRef = 6275CF081FAC38FC00A1C616 /* weixin@3x.png */; };
		62B9C0081F9CC0A0006B5F66 /* DatePickView.m in Sources */ = {isa = PBXBuildFile; fileRef = 62B9C0071F9CC0A0006B5F66 /* DatePickView.m */; };
		62DE4B451F9F42890086CE06 /* delete_ful@2x.png in Resources */ = {isa = PBXBuildFile; fileRef = 62DE4B411F9F42890086CE06 /* delete_ful@2x.png */; };
		62DE4B461F9F42890086CE06 /* delete_ful@3x.png in Resources */ = {isa = PBXBuildFile; fileRef = 62DE4B421F9F42890086CE06 /* delete_ful@3x.png */; };
		62DE4B471F9F42890086CE06 /* photo_duf@2x.png in Resources */ = {isa = PBXBuildFile; fileRef = 62DE4B431F9F42890086CE06 /* photo_duf@2x.png */; };
		62DE4B481F9F42890086CE06 /* photo_duf@3x.png in Resources */ = {isa = PBXBuildFile; fileRef = 62DE4B441F9F42890086CE06 /* photo_duf@3x.png */; };
		62F801311F9B5D780038DD5C /* AppDelegate.m in Sources */ = {isa = PBXBuildFile; fileRef = 62F801301F9B5D780038DD5C /* AppDelegate.m */; };
		62F801341F9B5D780038DD5C /* ViewController.m in Sources */ = {isa = PBXBuildFile; fileRef = 62F801331F9B5D780038DD5C /* ViewController.m */; };
		62F801371F9B5D780038DD5C /* Main.storyboard in Resources */ = {isa = PBXBuildFile; fileRef = 62F801351F9B5D780038DD5C /* Main.storyboard */; };
		62F801391F9B5D780038DD5C /* Assets.xcassets in Resources */ = {isa = PBXBuildFile; fileRef = 62F801381F9B5D780038DD5C /* Assets.xcassets */; };
		62F8013C1F9B5D780038DD5C /* LaunchScreen.storyboard in Resources */ = {isa = PBXBuildFile; fileRef = 62F8013A1F9B5D780038DD5C /* LaunchScreen.storyboard */; };
		62F8013F1F9B5D780038DD5C /* main.m in Sources */ = {isa = PBXBuildFile; fileRef = 62F8013E1F9B5D780038DD5C /* main.m */; };
		62F801491F9B5D780038DD5C /* HomeTests.m in Sources */ = {isa = PBXBuildFile; fileRef = 62F801481F9B5D780038DD5C /* HomeTests.m */; };
		62F801541F9B5D790038DD5C /* HomeUITests.m in Sources */ = {isa = PBXBuildFile; fileRef = 62F801531F9B5D790038DD5C /* HomeUITests.m */; };
		62F801691F9B5E2A0038DD5C /* CommodityListViewController.m in Sources */ = {isa = PBXBuildFile; fileRef = 62F801681F9B5E2A0038DD5C /* CommodityListViewController.m */; };
		62F801711F9B5EC60038DD5C /* BaseNavViewController.m in Sources */ = {isa = PBXBuildFile; fileRef = 62F801701F9B5EC60038DD5C /* BaseNavViewController.m */; };
		62F801741F9B5F030038DD5C /* BaseViewController.m in Sources */ = {isa = PBXBuildFile; fileRef = 62F801731F9B5F030038DD5C /* BaseViewController.m */; };
		62F801771F9B5F310038DD5C /* BaseView.m in Sources */ = {isa = PBXBuildFile; fileRef = 62F801761F9B5F310038DD5C /* BaseView.m */; };
		62F8017A1F9B60EC0038DD5C /* CustomizedNavigationBar.m in Sources */ = {isa = PBXBuildFile; fileRef = 62F801791F9B60EC0038DD5C /* CustomizedNavigationBar.m */; };
		62F801831F9B68F40038DD5C /* BaseTabBarController.m in Sources */ = {isa = PBXBuildFile; fileRef = 62F801821F9B68F40038DD5C /* BaseTabBarController.m */; };
		62F801861F9B69F50038DD5C /* TabBarController.m in Sources */ = {isa = PBXBuildFile; fileRef = 62F801851F9B69F50038DD5C /* TabBarController.m */; };
		62F801891F9B7F5C0038DD5C /* BaseTabBarItem.m in Sources */ = {isa = PBXBuildFile; fileRef = 62F801881F9B7F5C0038DD5C /* BaseTabBarItem.m */; };
		62F801961F9B8CC20038DD5C /* 2.png in Resources */ = {isa = PBXBuildFile; fileRef = 62F801941F9B8CC20038DD5C /* 2.png */; };
		62F801971F9B8CC20038DD5C /* 1.png in Resources */ = {isa = PBXBuildFile; fileRef = 62F801951F9B8CC20038DD5C /* 1.png */; };
		62F8019F1F9B8F910038DD5C /* HomeSource.bundle in Sources */ = {isa = PBXBuildFile; fileRef = 62F8018E1F9B8C390038DD5C /* HomeSource.bundle */; };
		62F801A01F9B90170038DD5C /* HomeSource.bundle in Resources */ = {isa = PBXBuildFile; fileRef = 62F8018E1F9B8C390038DD5C /* HomeSource.bundle */; };
		62F801A61F9B916E0038DD5C /* SetTableViewController.m in Sources */ = {isa = PBXBuildFile; fileRef = 62F801A51F9B916E0038DD5C /* SetTableViewController.m */; };
		62F801AD1F9C33E40038DD5C /* BaseTableViewCell.m in Sources */ = {isa = PBXBuildFile; fileRef = 62F801AC1F9C33E40038DD5C /* BaseTableViewCell.m */; };
		62F801B61F9C3D410038DD5C /* TableViewCellWithBottomLine.m in Sources */ = {isa = PBXBuildFile; fileRef = 62F801B51F9C3D410038DD5C /* TableViewCellWithBottomLine.m */; };
		62F801BA1F9C3F010038DD5C /* BaseModel.m in Sources */ = {isa = PBXBuildFile; fileRef = 62F801B91F9C3F010038DD5C /* BaseModel.m */; };
		62F801C31F9C67330038DD5C /* CategorySelectViewController.m in Sources */ = {isa = PBXBuildFile; fileRef = 62F801C21F9C67330038DD5C /* CategorySelectViewController.m */; };
		62F801C71F9C689B0038DD5C /* CategoryModel.m in Sources */ = {isa = PBXBuildFile; fileRef = 62F801C61F9C689B0038DD5C /* CategoryModel.m */; };
		62F801CB1F9C6AFE0038DD5C /* CategoryTableViewCell.m in Sources */ = {isa = PBXBuildFile; fileRef = 62F801CA1F9C6AFE0038DD5C /* CategoryTableViewCell.m */; };
		62F801CE1F9C6BFE0038DD5C /* CommodityRewardingViewController.m in Sources */ = {isa = PBXBuildFile; fileRef = 62F801CD1F9C6BFE0038DD5C /* CommodityRewardingViewController.m */; };
		62F802111F9C99BF0038DD5C /* BaseController.m in Sources */ = {isa = PBXBuildFile; fileRef = 62F802101F9C99BF0038DD5C /* BaseController.m */; };
		62F802141F9C9AC70038DD5C /* CommodityDataManager.m in Sources */ = {isa = PBXBuildFile; fileRef = 62F802131F9C9AC70038DD5C /* CommodityDataManager.m */; };
		BD38B92939FD3C19D29989AF /* libPods-Home.a in Frameworks */ = {isa = PBXBuildFile; fileRef = EDE216328AA40022747E69E6 /* libPods-Home.a */; };
/* End PBXBuildFile section */

/* Begin PBXContainerItemProxy section */
		62F801451F9B5D780038DD5C /* PBXContainerItemProxy */ = {
			isa = PBXContainerItemProxy;
			containerPortal = 62F801241F9B5D780038DD5C /* Project object */;
			proxyType = 1;
			remoteGlobalIDString = 62F8012B1F9B5D780038DD5C;
			remoteInfo = Home;
		};
		62F801501F9B5D790038DD5C /* PBXContainerItemProxy */ = {
			isa = PBXContainerItemProxy;
			containerPortal = 62F801241F9B5D780038DD5C /* Project object */;
			proxyType = 1;
			remoteGlobalIDString = 62F8012B1F9B5D780038DD5C;
			remoteInfo = Home;
		};
		62F801981F9B8E210038DD5C /* PBXContainerItemProxy */ = {
			isa = PBXContainerItemProxy;
			containerPortal = 62F801241F9B5D780038DD5C /* Project object */;
			proxyType = 1;
			remoteGlobalIDString = 62F8018D1F9B8C390038DD5C;
			remoteInfo = HomeSource;
		};
/* End PBXContainerItemProxy section */

/* Begin PBXFileReference section */
		62282C681F9CCF8F007E3ABE /* CommodityModel.h */ = {isa = PBXFileReference; lastKnownFileType = sourcecode.c.h; path = CommodityModel.h; sourceTree = "<group>"; };
		62282C691F9CCF8F007E3ABE /* CommodityModel.m */ = {isa = PBXFileReference; lastKnownFileType = sourcecode.c.objc; path = CommodityModel.m; sourceTree = "<group>"; };
		62282C6B1F9E2C02007E3ABE /* CommodityTableViewCell.h */ = {isa = PBXFileReference; lastKnownFileType = sourcecode.c.h; path = CommodityTableViewCell.h; sourceTree = "<group>"; };
		62282C6C1F9E2C02007E3ABE /* CommodityTableViewCell.m */ = {isa = PBXFileReference; lastKnownFileType = sourcecode.c.objc; path = CommodityTableViewCell.m; sourceTree = "<group>"; };
		62282C6F1F9E2FB1007E3ABE /* NSString+CGSize.h */ = {isa = PBXFileReference; lastKnownFileType = sourcecode.c.h; path = "NSString+CGSize.h"; sourceTree = "<group>"; };
		62282C701F9E2FB1007E3ABE /* NSString+CGSize.m */ = {isa = PBXFileReference; lastKnownFileType = sourcecode.c.objc; path = "NSString+CGSize.m"; sourceTree = "<group>"; };
		62282C721F9F7998007E3ABE /* UIColor+Translate.h */ = {isa = PBXFileReference; fileEncoding = 4; lastKnownFileType = sourcecode.c.h; path = "UIColor+Translate.h"; sourceTree = "<group>"; };
		62282C731F9F7998007E3ABE /* UIColor+Translate.m */ = {isa = PBXFileReference; fileEncoding = 4; lastKnownFileType = sourcecode.c.objc; path = "UIColor+Translate.m"; sourceTree = "<group>"; };
		62282D0B1FA49F6E007E3ABE /* Crasheye.h */ = {isa = PBXFileReference; fileEncoding = 4; lastKnownFileType = sourcecode.c.h; path = Crasheye.h; sourceTree = "<group>"; };
		62282D0C1FA49F6E007E3ABE /* libCrasheye.a */ = {isa = PBXFileReference; lastKnownFileType = archive.ar; path = libCrasheye.a; sourceTree = "<group>"; };
		62282D181FA49FDD007E3ABE /* libz.tbd */ = {isa = PBXFileReference; lastKnownFileType = "sourcecode.text-based-dylib-definition"; name = libz.tbd; path = usr/lib/libz.tbd; sourceTree = SDKROOT; };
		62282D1A1FA49FF5007E3ABE /* libc++.tbd */ = {isa = PBXFileReference; lastKnownFileType = "sourcecode.text-based-dylib-definition"; name = "libc++.tbd"; path = "usr/lib/libc++.tbd"; sourceTree = SDKROOT; };
		62282D1C1FA4A691007E3ABE /* CoreTelephony.framework */ = {isa = PBXFileReference; lastKnownFileType = wrapper.framework; name = CoreTelephony.framework; path = System/Library/Frameworks/CoreTelephony.framework; sourceTree = SDKROOT; };
		62282D1E1FA4A6B1007E3ABE /* libsqlite3.tbd */ = {isa = PBXFileReference; lastKnownFileType = "sourcecode.text-based-dylib-definition"; name = libsqlite3.tbd; path = usr/lib/libsqlite3.tbd; sourceTree = SDKROOT; };
		62282D201FA4A6B8007E3ABE /* SystemConfiguration.framework */ = {isa = PBXFileReference; lastKnownFileType = wrapper.framework; name = SystemConfiguration.framework; path = System/Library/Frameworks/SystemConfiguration.framework; sourceTree = SDKROOT; };
		62282D221FA4A6E9007E3ABE /* UTDID.framework */ = {isa = PBXFileReference; lastKnownFileType = wrapper.framework; name = UTDID.framework; path = ../../Downloads/umeng_sdk_ios_59f46df3a40fa313a3000012/thirdparties/thirdparties_ios_1.0.0.16/UTDID.framework; sourceTree = "<group>"; };
		62282D261FA4A76B007E3ABE /* UMCommon.framework */ = {isa = PBXFileReference; lastKnownFileType = wrapper.framework; path = UMCommon.framework; sourceTree = "<group>"; };
		62282D281FA4A76B007E3ABE /* UMAnalytics.framework */ = {isa = PBXFileReference; lastKnownFileType = wrapper.framework; path = UMAnalytics.framework; sourceTree = "<group>"; };
		62282D2D1FA4A9D9007E3ABE /* UTDID.framework */ = {isa = PBXFileReference; lastKnownFileType = wrapper.framework; path = UTDID.framework; sourceTree = "<group>"; };
		62282D2F1FA5FDA3007E3ABE /* LogInViewController.h */ = {isa = PBXFileReference; lastKnownFileType = sourcecode.c.h; path = LogInViewController.h; sourceTree = "<group>"; };
		62282D301FA5FDA3007E3ABE /* LogInViewController.m */ = {isa = PBXFileReference; lastKnownFileType = sourcecode.c.objc; path = LogInViewController.m; sourceTree = "<group>"; };
		62282D341FA60011007E3ABE /* UMSocialSDKResources.bundle */ = {isa = PBXFileReference; lastKnownFileType = "wrapper.plug-in"; path = UMSocialSDKResources.bundle; sourceTree = "<group>"; };
		62282D351FA60011007E3ABE /* UShareUI.framework */ = {isa = PBXFileReference; lastKnownFileType = wrapper.framework; path = UShareUI.framework; sourceTree = "<group>"; };
		62282D371FA60011007E3ABE /* UMSocialNetwork.framework */ = {isa = PBXFileReference; lastKnownFileType = wrapper.framework; path = UMSocialNetwork.framework; sourceTree = "<group>"; };
		62282D381FA60011007E3ABE /* UMSocialSDKPromptResources.bundle */ = {isa = PBXFileReference; lastKnownFileType = "wrapper.plug-in"; path = UMSocialSDKPromptResources.bundle; sourceTree = "<group>"; };
		62282D391FA60011007E3ABE /* UMSocialCore.framework */ = {isa = PBXFileReference; lastKnownFileType = wrapper.framework; path = UMSocialCore.framework; sourceTree = "<group>"; };
		62282D3C1FA60011007E3ABE /* libSocialSMS.a */ = {isa = PBXFileReference; lastKnownFileType = archive.ar; path = libSocialSMS.a; sourceTree = "<group>"; };
		62282D3D1FA60011007E3ABE /* UMSocialSmsHandler.h */ = {isa = PBXFileReference; fileEncoding = 4; lastKnownFileType = sourcecode.c.h; path = UMSocialSmsHandler.h; sourceTree = "<group>"; };
		62282D3F1FA60011007E3ABE /* UMSocialUniqueIdHandler.h */ = {isa = PBXFileReference; fileEncoding = 4; lastKnownFileType = sourcecode.c.h; path = UMSocialUniqueIdHandler.h; sourceTree = "<group>"; };
		62282D401FA60011007E3ABE /* libSocialUniqueId.a */ = {isa = PBXFileReference; lastKnownFileType = archive.ar; path = libSocialUniqueId.a; sourceTree = "<group>"; };
		62282D421FA60011007E3ABE /* libSocialWeChat.a */ = {isa = PBXFileReference; lastKnownFileType = archive.ar; path = libSocialWeChat.a; sourceTree = "<group>"; };
		62282D431FA60011007E3ABE /* UMSocialWechatHandler.h */ = {isa = PBXFileReference; fileEncoding = 4; lastKnownFileType = sourcecode.c.h; path = UMSocialWechatHandler.h; sourceTree = "<group>"; };
		62282D451FA60011007E3ABE /* libSocialSina.a */ = {isa = PBXFileReference; lastKnownFileType = archive.ar; path = libSocialSina.a; sourceTree = "<group>"; };
		62282D461FA60011007E3ABE /* UMSocialSinaHandler.h */ = {isa = PBXFileReference; fileEncoding = 4; lastKnownFileType = sourcecode.c.h; path = UMSocialSinaHandler.h; sourceTree = "<group>"; };
		62282D481FA60011007E3ABE /* UMSocialQQHandler.h */ = {isa = PBXFileReference; fileEncoding = 4; lastKnownFileType = sourcecode.c.h; path = UMSocialQQHandler.h; sourceTree = "<group>"; };
		62282D491FA60011007E3ABE /* libSocialQQ.a */ = {isa = PBXFileReference; lastKnownFileType = archive.ar; path = libSocialQQ.a; sourceTree = "<group>"; };
		62282D4B1FA60011007E3ABE /* libUMSocialLog.a */ = {isa = PBXFileReference; lastKnownFileType = archive.ar; path = libUMSocialLog.a; sourceTree = "<group>"; };
		62282D571FA6097C007E3ABE /* SHFMDBManager.h */ = {isa = PBXFileReference; lastKnownFileType = sourcecode.c.h; path = SHFMDBManager.h; sourceTree = "<group>"; };
		62282D581FA6097C007E3ABE /* SHFMDBManager.m */ = {isa = PBXFileReference; lastKnownFileType = sourcecode.c.objc; path = SHFMDBManager.m; sourceTree = "<group>"; };
		622B8AE71FA9646F0080552F /* HomeViewController.h */ = {isa = PBXFileReference; lastKnownFileType = sourcecode.c.h; path = HomeViewController.h; sourceTree = "<group>"; };
		622B8AE81FA9646F0080552F /* HomeViewController.m */ = {isa = PBXFileReference; lastKnownFileType = sourcecode.c.objc; path = HomeViewController.m; sourceTree = "<group>"; };
		622B8AED1FA969A20080552F /* SearchViewController.h */ = {isa = PBXFileReference; lastKnownFileType = sourcecode.c.h; path = SearchViewController.h; sourceTree = "<group>"; };
		622B8AEE1FA969A20080552F /* SearchViewController.m */ = {isa = PBXFileReference; lastKnownFileType = sourcecode.c.objc; path = SearchViewController.m; sourceTree = "<group>"; };
		622B8AF01FA96B130080552F /* PersonalRightsViewController.h */ = {isa = PBXFileReference; lastKnownFileType = sourcecode.c.h; path = PersonalRightsViewController.h; sourceTree = "<group>"; };
		622B8AF11FA96B140080552F /* PersonalRightsViewController.m */ = {isa = PBXFileReference; lastKnownFileType = sourcecode.c.objc; path = PersonalRightsViewController.m; sourceTree = "<group>"; };
		622B8AF31FA96BBA0080552F /* PersonalRightsModel.h */ = {isa = PBXFileReference; lastKnownFileType = sourcecode.c.h; path = PersonalRightsModel.h; sourceTree = "<group>"; };
		622B8AF41FA96BBA0080552F /* PersonalRightsModel.m */ = {isa = PBXFileReference; lastKnownFileType = sourcecode.c.objc; path = PersonalRightsModel.m; sourceTree = "<group>"; };
		622B8AF61FA9ACDC0080552F /* PersonalRightsCell.h */ = {isa = PBXFileReference; lastKnownFileType = sourcecode.c.h; path = PersonalRightsCell.h; sourceTree = "<group>"; };
		622B8AF71FA9ACDC0080552F /* PersonalRightsCell.m */ = {isa = PBXFileReference; lastKnownFileType = sourcecode.c.objc; path = PersonalRightsCell.m; sourceTree = "<group>"; };
		622B8AF91FA9ADBC0080552F /* SHPlainTableView.h */ = {isa = PBXFileReference; lastKnownFileType = sourcecode.c.h; path = SHPlainTableView.h; sourceTree = "<group>"; };
		622B8AFA1FA9ADBC0080552F /* SHPlainTableView.m */ = {isa = PBXFileReference; lastKnownFileType = sourcecode.c.objc; path = SHPlainTableView.m; sourceTree = "<group>"; };
		622B8AFC1FAA0A6E0080552F /* PersonalRightsRewardingViewController.h */ = {isa = PBXFileReference; lastKnownFileType = sourcecode.c.h; path = PersonalRightsRewardingViewController.h; sourceTree = "<group>"; };
		622B8AFD1FAA0A6E0080552F /* PersonalRightsRewardingViewController.m */ = {isa = PBXFileReference; lastKnownFileType = sourcecode.c.objc; path = PersonalRightsRewardingViewController.m; sourceTree = "<group>"; };
		622B8AFF1FAD964D0080552F /* BaseAbnormalViewController.h */ = {isa = PBXFileReference; lastKnownFileType = sourcecode.c.h; path = BaseAbnormalViewController.h; sourceTree = "<group>"; };
		622B8B001FAD964D0080552F /* BaseAbnormalViewController.m */ = {isa = PBXFileReference; lastKnownFileType = sourcecode.c.objc; path = BaseAbnormalViewController.m; sourceTree = "<group>"; };
		622B8B021FAD96A30080552F /* NoDataView.h */ = {isa = PBXFileReference; lastKnownFileType = sourcecode.c.h; path = NoDataView.h; sourceTree = "<group>"; };
		622B8B031FAD96A30080552F /* NoDataView.m */ = {isa = PBXFileReference; lastKnownFileType = sourcecode.c.objc; path = NoDataView.m; sourceTree = "<group>"; };
		622B8B051FAD96BD0080552F /* NoInternetView.h */ = {isa = PBXFileReference; lastKnownFileType = sourcecode.c.h; path = NoInternetView.h; sourceTree = "<group>"; };
		622B8B061FAD96BD0080552F /* NoInternetView.m */ = {isa = PBXFileReference; lastKnownFileType = sourcecode.c.objc; path = NoInternetView.m; sourceTree = "<group>"; };
		622B8B081FAD99450080552F /* BaseTableViewController.h */ = {isa = PBXFileReference; fileEncoding = 4; lastKnownFileType = sourcecode.c.h; path = BaseTableViewController.h; sourceTree = "<group>"; };
		622B8B091FAD99450080552F /* BaseTableViewController.m */ = {isa = PBXFileReference; fileEncoding = 4; lastKnownFileType = sourcecode.c.objc; path = BaseTableViewController.m; sourceTree = "<group>"; };
		6275CED01FAC144600A1C616 /* ModelWithState.h */ = {isa = PBXFileReference; fileEncoding = 4; lastKnownFileType = sourcecode.c.h; path = ModelWithState.h; sourceTree = "<group>"; };
		6275CED11FAC144600A1C616 /* ModelWithState.m */ = {isa = PBXFileReference; fileEncoding = 4; lastKnownFileType = sourcecode.c.objc; path = ModelWithState.m; sourceTree = "<group>"; };
		6275CED21FAC144600A1C616 /* ModelWithTitle.h */ = {isa = PBXFileReference; fileEncoding = 4; lastKnownFileType = sourcecode.c.h; path = ModelWithTitle.h; sourceTree = "<group>"; };
		6275CED31FAC144600A1C616 /* ModelWithTitle.m */ = {isa = PBXFileReference; fileEncoding = 4; lastKnownFileType = sourcecode.c.objc; path = ModelWithTitle.m; sourceTree = "<group>"; };
		6275CED61FAC14AF00A1C616 /* LiveWithDeleteImageView.h */ = {isa = PBXFileReference; fileEncoding = 4; lastKnownFileType = sourcecode.c.h; path = LiveWithDeleteImageView.h; sourceTree = "<group>"; };
		6275CED71FAC14AF00A1C616 /* LiveWithDeleteImageView.m */ = {isa = PBXFileReference; fileEncoding = 4; lastKnownFileType = sourcecode.c.objc; path = LiveWithDeleteImageView.m; sourceTree = "<group>"; };
		6275CED91FAC14CD00A1C616 /* TableViewCellWithSwitch.h */ = {isa = PBXFileReference; fileEncoding = 4; lastKnownFileType = sourcecode.c.h; path = TableViewCellWithSwitch.h; sourceTree = "<group>"; };
		6275CEDA1FAC14CD00A1C616 /* TableViewCellWithSwitch.m */ = {isa = PBXFileReference; fileEncoding = 4; lastKnownFileType = sourcecode.c.objc; path = TableViewCellWithSwitch.m; sourceTree = "<group>"; };
		6275CEDB1FAC14CD00A1C616 /* TableViewCellWithTitle.h */ = {isa = PBXFileReference; fileEncoding = 4; lastKnownFileType = sourcecode.c.h; path = TableViewCellWithTitle.h; sourceTree = "<group>"; };
		6275CEDC1FAC14CD00A1C616 /* TableViewCellWithTitle.m */ = {isa = PBXFileReference; fileEncoding = 4; lastKnownFileType = sourcecode.c.objc; path = TableViewCellWithTitle.m; sourceTree = "<group>"; };
		6275CEE01FAC34C000A1C616 /* libSHUIImagePickerControllerLibrary.a */ = {isa = PBXFileReference; lastKnownFileType = archive.ar; path = libSHUIImagePickerControllerLibrary.a; sourceTree = "<group>"; };
		6275CEE11FAC34C000A1C616 /* SHUIImagePickerControllerLibrary.h */ = {isa = PBXFileReference; fileEncoding = 4; lastKnownFileType = sourcecode.c.h; path = SHUIImagePickerControllerLibrary.h; sourceTree = "<group>"; };
		6275CEE21FAC34C000A1C616 /* SHUIImagePickerControllerLibrarySource.bundle */ = {isa = PBXFileReference; lastKnownFileType = "wrapper.plug-in"; path = SHUIImagePickerControllerLibrarySource.bundle; sourceTree = "<group>"; };
		6275CEE51FAC359800A1C616 /* SHAssetModel.h */ = {isa = PBXFileReference; fileEncoding = 4; lastKnownFileType = sourcecode.c.h; path = SHAssetModel.h; sourceTree = "<group>"; };
		6275CEEF1FAC38FC00A1C616 /* frame_icon@2x.png */ = {isa = PBXFileReference; lastKnownFileType = image.png; path = "frame_icon@2x.png"; sourceTree = "<group>"; };
		6275CEF01FAC38FC00A1C616 /* frame_icon@3x.png */ = {isa = PBXFileReference; lastKnownFileType = image.png; path = "frame_icon@3x.png"; sourceTree = "<group>"; };
		6275CEF11FAC38FC00A1C616 /* line@2x.png */ = {isa = PBXFileReference; lastKnownFileType = image.png; path = "line@2x.png"; sourceTree = "<group>"; };
		6275CEF21FAC38FC00A1C616 /* line@3x.png */ = {isa = PBXFileReference; lastKnownFileType = image.png; path = "line@3x.png"; sourceTree = "<group>"; };
		6275CEF31FAC38FC00A1C616 /* arrow_duf@2x.png */ = {isa = PBXFileReference; lastKnownFileType = image.png; path = "arrow_duf@2x.png"; sourceTree = "<group>"; };
		6275CEF41FAC38FC00A1C616 /* arrow_duf@3x.png */ = {isa = PBXFileReference; lastKnownFileType = image.png; path = "arrow_duf@3x.png"; sourceTree = "<group>"; };
		6275CEF51FAC38FC00A1C616 /* back@2x.png */ = {isa = PBXFileReference; lastKnownFileType = image.png; path = "back@2x.png"; sourceTree = "<group>"; };
		6275CEF61FAC38FC00A1C616 /* back@3x.png */ = {isa = PBXFileReference; lastKnownFileType = image.png; path = "back@3x.png"; sourceTree = "<group>"; };
		6275CEF71FAC38FC00A1C616 /* noData@2x.png */ = {isa = PBXFileReference; lastKnownFileType = image.png; path = "noData@2x.png"; sourceTree = "<group>"; };
		6275CEF81FAC38FC00A1C616 /* noData@3x.png */ = {isa = PBXFileReference; lastKnownFileType = image.png; path = "noData@3x.png"; sourceTree = "<group>"; };
		6275CEF91FAC38FC00A1C616 /* NoInternet@2x.png */ = {isa = PBXFileReference; lastKnownFileType = image.png; path = "NoInternet@2x.png"; sourceTree = "<group>"; };
		6275CEFA1FAC38FC00A1C616 /* NoInternet@3x.png */ = {isa = PBXFileReference; lastKnownFileType = image.png; path = "NoInternet@3x.png"; sourceTree = "<group>"; };
		6275CEFB1FAC38FC00A1C616 /* QQ@2x.png */ = {isa = PBXFileReference; lastKnownFileType = image.png; path = "QQ@2x.png"; sourceTree = "<group>"; };
		6275CEFC1FAC38FC00A1C616 /* QQ@3x.png */ = {isa = PBXFileReference; lastKnownFileType = image.png; path = "QQ@3x.png"; sourceTree = "<group>"; };
		6275CEFD1FAC38FC00A1C616 /* refresh@2x.png */ = {isa = PBXFileReference; lastKnownFileType = image.png; path = "refresh@2x.png"; sourceTree = "<group>"; };
		6275CEFE1FAC38FC00A1C616 /* refresh@3x.png */ = {isa = PBXFileReference; lastKnownFileType = image.png; path = "refresh@3x.png"; sourceTree = "<group>"; };
		6275CEFF1FAC38FC00A1C616 /* refreshHighlighted@2x.png */ = {isa = PBXFileReference; lastKnownFileType = image.png; path = "refreshHighlighted@2x.png"; sourceTree = "<group>"; };
		6275CF001FAC38FC00A1C616 /* refreshHighlighted@3x.png */ = {isa = PBXFileReference; lastKnownFileType = image.png; path = "refreshHighlighted@3x.png"; sourceTree = "<group>"; };
		6275CF011FAC38FC00A1C616 /* search@2x.png */ = {isa = PBXFileReference; lastKnownFileType = image.png; path = "search@2x.png"; sourceTree = "<group>"; };
		6275CF021FAC38FC00A1C616 /* search@3x.png */ = {isa = PBXFileReference; lastKnownFileType = image.png; path = "search@3x.png"; sourceTree = "<group>"; };
		6275CF031FAC38FC00A1C616 /* share@2x.png */ = {isa = PBXFileReference; lastKnownFileType = image.png; path = "share@2x.png"; sourceTree = "<group>"; };
		6275CF041FAC38FC00A1C616 /* share@3x.png */ = {isa = PBXFileReference; lastKnownFileType = image.png; path = "share@3x.png"; sourceTree = "<group>"; };
		6275CF051FAC38FC00A1C616 /* weibo@2x.png */ = {isa = PBXFileReference; lastKnownFileType = image.png; path = "weibo@2x.png"; sourceTree = "<group>"; };
		6275CF061FAC38FC00A1C616 /* weibo@3x.png */ = {isa = PBXFileReference; lastKnownFileType = image.png; path = "weibo@3x.png"; sourceTree = "<group>"; };
		6275CF071FAC38FC00A1C616 /* weixin@2x.png */ = {isa = PBXFileReference; lastKnownFileType = image.png; path = "weixin@2x.png"; sourceTree = "<group>"; };
		6275CF081FAC38FC00A1C616 /* weixin@3x.png */ = {isa = PBXFileReference; lastKnownFileType = image.png; path = "weixin@3x.png"; sourceTree = "<group>"; };
		62B9C0061F9CC0A0006B5F66 /* DatePickView.h */ = {isa = PBXFileReference; lastKnownFileType = sourcecode.c.h; path = DatePickView.h; sourceTree = "<group>"; };
		62B9C0071F9CC0A0006B5F66 /* DatePickView.m */ = {isa = PBXFileReference; lastKnownFileType = sourcecode.c.objc; path = DatePickView.m; sourceTree = "<group>"; };
		62DE4B411F9F42890086CE06 /* delete_ful@2x.png */ = {isa = PBXFileReference; lastKnownFileType = image.png; path = "delete_ful@2x.png"; sourceTree = "<group>"; };
		62DE4B421F9F42890086CE06 /* delete_ful@3x.png */ = {isa = PBXFileReference; lastKnownFileType = image.png; path = "delete_ful@3x.png"; sourceTree = "<group>"; };
		62DE4B431F9F42890086CE06 /* photo_duf@2x.png */ = {isa = PBXFileReference; lastKnownFileType = image.png; path = "photo_duf@2x.png"; sourceTree = "<group>"; };
		62DE4B441F9F42890086CE06 /* photo_duf@3x.png */ = {isa = PBXFileReference; lastKnownFileType = image.png; path = "photo_duf@3x.png"; sourceTree = "<group>"; };
		62F8012C1F9B5D780038DD5C /* Home.app */ = {isa = PBXFileReference; explicitFileType = wrapper.application; includeInIndex = 0; path = Home.app; sourceTree = BUILT_PRODUCTS_DIR; };
		62F8012F1F9B5D780038DD5C /* AppDelegate.h */ = {isa = PBXFileReference; lastKnownFileType = sourcecode.c.h; path = AppDelegate.h; sourceTree = "<group>"; };
		62F801301F9B5D780038DD5C /* AppDelegate.m */ = {isa = PBXFileReference; lastKnownFileType = sourcecode.c.objc; path = AppDelegate.m; sourceTree = "<group>"; };
		62F801321F9B5D780038DD5C /* ViewController.h */ = {isa = PBXFileReference; lastKnownFileType = sourcecode.c.h; path = ViewController.h; sourceTree = "<group>"; };
		62F801331F9B5D780038DD5C /* ViewController.m */ = {isa = PBXFileReference; lastKnownFileType = sourcecode.c.objc; path = ViewController.m; sourceTree = "<group>"; };
		62F801361F9B5D780038DD5C /* Base */ = {isa = PBXFileReference; lastKnownFileType = file.storyboard; name = Base; path = Base.lproj/Main.storyboard; sourceTree = "<group>"; };
		62F801381F9B5D780038DD5C /* Assets.xcassets */ = {isa = PBXFileReference; lastKnownFileType = folder.assetcatalog; path = Assets.xcassets; sourceTree = "<group>"; };
		62F8013B1F9B5D780038DD5C /* Base */ = {isa = PBXFileReference; lastKnownFileType = file.storyboard; name = Base; path = Base.lproj/LaunchScreen.storyboard; sourceTree = "<group>"; };
		62F8013D1F9B5D780038DD5C /* Info.plist */ = {isa = PBXFileReference; lastKnownFileType = text.plist.xml; path = Info.plist; sourceTree = "<group>"; };
		62F8013E1F9B5D780038DD5C /* main.m */ = {isa = PBXFileReference; lastKnownFileType = sourcecode.c.objc; path = main.m; sourceTree = "<group>"; };
		62F801441F9B5D780038DD5C /* HomeTests.xctest */ = {isa = PBXFileReference; explicitFileType = wrapper.cfbundle; includeInIndex = 0; path = HomeTests.xctest; sourceTree = BUILT_PRODUCTS_DIR; };
		62F801481F9B5D780038DD5C /* HomeTests.m */ = {isa = PBXFileReference; lastKnownFileType = sourcecode.c.objc; path = HomeTests.m; sourceTree = "<group>"; };
		62F8014A1F9B5D780038DD5C /* Info.plist */ = {isa = PBXFileReference; lastKnownFileType = text.plist.xml; path = Info.plist; sourceTree = "<group>"; };
		62F8014F1F9B5D790038DD5C /* HomeUITests.xctest */ = {isa = PBXFileReference; explicitFileType = wrapper.cfbundle; includeInIndex = 0; path = HomeUITests.xctest; sourceTree = BUILT_PRODUCTS_DIR; };
		62F801531F9B5D790038DD5C /* HomeUITests.m */ = {isa = PBXFileReference; lastKnownFileType = sourcecode.c.objc; path = HomeUITests.m; sourceTree = "<group>"; };
		62F801551F9B5D790038DD5C /* Info.plist */ = {isa = PBXFileReference; lastKnownFileType = text.plist.xml; path = Info.plist; sourceTree = "<group>"; };
		62F801671F9B5E2A0038DD5C /* CommodityListViewController.h */ = {isa = PBXFileReference; lastKnownFileType = sourcecode.c.h; path = CommodityListViewController.h; sourceTree = "<group>"; };
		62F801681F9B5E2A0038DD5C /* CommodityListViewController.m */ = {isa = PBXFileReference; lastKnownFileType = sourcecode.c.objc; path = CommodityListViewController.m; sourceTree = "<group>"; };
		62F8016F1F9B5EC60038DD5C /* BaseNavViewController.h */ = {isa = PBXFileReference; lastKnownFileType = sourcecode.c.h; path = BaseNavViewController.h; sourceTree = "<group>"; };
		62F801701F9B5EC60038DD5C /* BaseNavViewController.m */ = {isa = PBXFileReference; lastKnownFileType = sourcecode.c.objc; path = BaseNavViewController.m; sourceTree = "<group>"; };
		62F801721F9B5F020038DD5C /* BaseViewController.h */ = {isa = PBXFileReference; fileEncoding = 4; lastKnownFileType = sourcecode.c.h; path = BaseViewController.h; sourceTree = "<group>"; };
		62F801731F9B5F030038DD5C /* BaseViewController.m */ = {isa = PBXFileReference; fileEncoding = 4; lastKnownFileType = sourcecode.c.objc; path = BaseViewController.m; sourceTree = "<group>"; };
		62F801751F9B5F310038DD5C /* BaseView.h */ = {isa = PBXFileReference; lastKnownFileType = sourcecode.c.h; path = BaseView.h; sourceTree = "<group>"; };
		62F801761F9B5F310038DD5C /* BaseView.m */ = {isa = PBXFileReference; lastKnownFileType = sourcecode.c.objc; path = BaseView.m; sourceTree = "<group>"; };
		62F801781F9B60EC0038DD5C /* CustomizedNavigationBar.h */ = {isa = PBXFileReference; lastKnownFileType = sourcecode.c.h; path = CustomizedNavigationBar.h; sourceTree = "<group>"; };
		62F801791F9B60EC0038DD5C /* CustomizedNavigationBar.m */ = {isa = PBXFileReference; lastKnownFileType = sourcecode.c.objc; path = CustomizedNavigationBar.m; sourceTree = "<group>"; };
		62F8017B1F9B61690038DD5C /* Home.pch */ = {isa = PBXFileReference; lastKnownFileType = sourcecode.c.h; path = Home.pch; sourceTree = "<group>"; };
		62F801811F9B68F40038DD5C /* BaseTabBarController.h */ = {isa = PBXFileReference; lastKnownFileType = sourcecode.c.h; path = BaseTabBarController.h; sourceTree = "<group>"; };
		62F801821F9B68F40038DD5C /* BaseTabBarController.m */ = {isa = PBXFileReference; lastKnownFileType = sourcecode.c.objc; path = BaseTabBarController.m; sourceTree = "<group>"; };
		62F801841F9B69F50038DD5C /* TabBarController.h */ = {isa = PBXFileReference; lastKnownFileType = sourcecode.c.h; path = TabBarController.h; sourceTree = "<group>"; };
		62F801851F9B69F50038DD5C /* TabBarController.m */ = {isa = PBXFileReference; lastKnownFileType = sourcecode.c.objc; path = TabBarController.m; sourceTree = "<group>"; };
		62F801871F9B7F5C0038DD5C /* BaseTabBarItem.h */ = {isa = PBXFileReference; lastKnownFileType = sourcecode.c.h; path = BaseTabBarItem.h; sourceTree = "<group>"; };
		62F801881F9B7F5C0038DD5C /* BaseTabBarItem.m */ = {isa = PBXFileReference; lastKnownFileType = sourcecode.c.objc; path = BaseTabBarItem.m; sourceTree = "<group>"; };
		62F8018E1F9B8C390038DD5C /* HomeSource.bundle */ = {isa = PBXFileReference; explicitFileType = wrapper.cfbundle; includeInIndex = 0; path = HomeSource.bundle; sourceTree = BUILT_PRODUCTS_DIR; };
		62F801901F9B8C390038DD5C /* Info.plist */ = {isa = PBXFileReference; lastKnownFileType = text.plist.xml; path = Info.plist; sourceTree = "<group>"; };
		62F801941F9B8CC20038DD5C /* 2.png */ = {isa = PBXFileReference; lastKnownFileType = image.png; path = 2.png; sourceTree = "<group>"; };
		62F801951F9B8CC20038DD5C /* 1.png */ = {isa = PBXFileReference; lastKnownFileType = image.png; path = 1.png; sourceTree = "<group>"; };
		62F8019C1F9B8F830038DD5C /* 2.png */ = {isa = PBXFileReference; lastKnownFileType = image.png; path = 2.png; sourceTree = "<group>"; };
		62F8019D1F9B8F830038DD5C /* Info.plist */ = {isa = PBXFileReference; lastKnownFileType = text.plist.xml; path = Info.plist; sourceTree = "<group>"; };
		62F8019E1F9B8F830038DD5C /* 1.png */ = {isa = PBXFileReference; lastKnownFileType = image.png; path = 1.png; sourceTree = "<group>"; };
		62F801A41F9B916E0038DD5C /* SetTableViewController.h */ = {isa = PBXFileReference; lastKnownFileType = sourcecode.c.h; path = SetTableViewController.h; sourceTree = "<group>"; };
		62F801A51F9B916E0038DD5C /* SetTableViewController.m */ = {isa = PBXFileReference; lastKnownFileType = sourcecode.c.objc; path = SetTableViewController.m; sourceTree = "<group>"; };
		62F801AB1F9C33E40038DD5C /* BaseTableViewCell.h */ = {isa = PBXFileReference; lastKnownFileType = sourcecode.c.h; path = BaseTableViewCell.h; sourceTree = "<group>"; };
		62F801AC1F9C33E40038DD5C /* BaseTableViewCell.m */ = {isa = PBXFileReference; lastKnownFileType = sourcecode.c.objc; path = BaseTableViewCell.m; sourceTree = "<group>"; };
		62F801B41F9C3D410038DD5C /* TableViewCellWithBottomLine.h */ = {isa = PBXFileReference; lastKnownFileType = sourcecode.c.h; path = TableViewCellWithBottomLine.h; sourceTree = "<group>"; };
		62F801B51F9C3D410038DD5C /* TableViewCellWithBottomLine.m */ = {isa = PBXFileReference; lastKnownFileType = sourcecode.c.objc; path = TableViewCellWithBottomLine.m; sourceTree = "<group>"; };
		62F801B81F9C3F010038DD5C /* BaseModel.h */ = {isa = PBXFileReference; lastKnownFileType = sourcecode.c.h; path = BaseModel.h; sourceTree = "<group>"; };
		62F801B91F9C3F010038DD5C /* BaseModel.m */ = {isa = PBXFileReference; lastKnownFileType = sourcecode.c.objc; path = BaseModel.m; sourceTree = "<group>"; };
		62F801C11F9C67330038DD5C /* CategorySelectViewController.h */ = {isa = PBXFileReference; lastKnownFileType = sourcecode.c.h; path = CategorySelectViewController.h; sourceTree = "<group>"; };
		62F801C21F9C67330038DD5C /* CategorySelectViewController.m */ = {isa = PBXFileReference; lastKnownFileType = sourcecode.c.objc; path = CategorySelectViewController.m; sourceTree = "<group>"; };
		62F801C51F9C689B0038DD5C /* CategoryModel.h */ = {isa = PBXFileReference; lastKnownFileType = sourcecode.c.h; path = CategoryModel.h; sourceTree = "<group>"; };
		62F801C61F9C689B0038DD5C /* CategoryModel.m */ = {isa = PBXFileReference; lastKnownFileType = sourcecode.c.objc; path = CategoryModel.m; sourceTree = "<group>"; };
		62F801C91F9C6AFE0038DD5C /* CategoryTableViewCell.h */ = {isa = PBXFileReference; lastKnownFileType = sourcecode.c.h; path = CategoryTableViewCell.h; sourceTree = "<group>"; };
		62F801CA1F9C6AFE0038DD5C /* CategoryTableViewCell.m */ = {isa = PBXFileReference; lastKnownFileType = sourcecode.c.objc; path = CategoryTableViewCell.m; sourceTree = "<group>"; };
		62F801CC1F9C6BFE0038DD5C /* CommodityRewardingViewController.h */ = {isa = PBXFileReference; lastKnownFileType = sourcecode.c.h; path = CommodityRewardingViewController.h; sourceTree = "<group>"; };
		62F801CD1F9C6BFE0038DD5C /* CommodityRewardingViewController.m */ = {isa = PBXFileReference; lastKnownFileType = sourcecode.c.objc; path = CommodityRewardingViewController.m; sourceTree = "<group>"; };
		62F8020F1F9C99BF0038DD5C /* BaseController.h */ = {isa = PBXFileReference; lastKnownFileType = sourcecode.c.h; path = BaseController.h; sourceTree = "<group>"; };
		62F802101F9C99BF0038DD5C /* BaseController.m */ = {isa = PBXFileReference; lastKnownFileType = sourcecode.c.objc; path = BaseController.m; sourceTree = "<group>"; };
		62F802121F9C9AC70038DD5C /* CommodityDataManager.h */ = {isa = PBXFileReference; lastKnownFileType = sourcecode.c.h; path = CommodityDataManager.h; sourceTree = "<group>"; };
		62F802131F9C9AC70038DD5C /* CommodityDataManager.m */ = {isa = PBXFileReference; lastKnownFileType = sourcecode.c.objc; path = CommodityDataManager.m; sourceTree = "<group>"; };
		A097E1C3B9371F5718A62CBD /* Pods-Home.release.xcconfig */ = {isa = PBXFileReference; includeInIndex = 1; lastKnownFileType = text.xcconfig; name = "Pods-Home.release.xcconfig"; path = "Pods/Target Support Files/Pods-Home/Pods-Home.release.xcconfig"; sourceTree = "<group>"; };
		CE6B64D09080A05D3304AE1F /* Pods-Home.debug.xcconfig */ = {isa = PBXFileReference; includeInIndex = 1; lastKnownFileType = text.xcconfig; name = "Pods-Home.debug.xcconfig"; path = "Pods/Target Support Files/Pods-Home/Pods-Home.debug.xcconfig"; sourceTree = "<group>"; };
		EDE216328AA40022747E69E6 /* libPods-Home.a */ = {isa = PBXFileReference; explicitFileType = archive.ar; includeInIndex = 0; path = "libPods-Home.a"; sourceTree = BUILT_PRODUCTS_DIR; };
/* End PBXFileReference section */

/* Begin PBXFrameworksBuildPhase section */
		62F801291F9B5D780038DD5C /* Frameworks */ = {
			isa = PBXFrameworksBuildPhase;
			buildActionMask = 2147483647;
			files = (
				62282D551FA60011007E3ABE /* libSocialQQ.a in Frameworks */,
				62282D211FA4A6B8007E3ABE /* SystemConfiguration.framework in Frameworks */,
				62282D1F1FA4A6B1007E3ABE /* libsqlite3.tbd in Frameworks */,
				62282D1D1FA4A691007E3ABE /* CoreTelephony.framework in Frameworks */,
				62282D4D1FA60011007E3ABE /* UShareUI.framework in Frameworks */,
				62282D2E1FA4A9DA007E3ABE /* UTDID.framework in Frameworks */,
				62282D2A1FA4A76B007E3ABE /* UMAnalytics.framework in Frameworks */,
				62282D291FA4A76B007E3ABE /* UMCommon.framework in Frameworks */,
				62282D541FA60011007E3ABE /* libSocialSina.a in Frameworks */,
				62282D1B1FA49FF5007E3ABE /* libc++.tbd in Frameworks */,
				62282D4E1FA60011007E3ABE /* UMSocialNetwork.framework in Frameworks */,
				62282D501FA60011007E3ABE /* UMSocialCore.framework in Frameworks */,
				62282D521FA60011007E3ABE /* libSocialUniqueId.a in Frameworks */,
				62282D191FA49FDD007E3ABE /* libz.tbd in Frameworks */,
				BD38B92939FD3C19D29989AF /* libPods-Home.a in Frameworks */,
				62282D511FA60011007E3ABE /* libSocialSMS.a in Frameworks */,
				62282D561FA60011007E3ABE /* libUMSocialLog.a in Frameworks */,
				62282D531FA60011007E3ABE /* libSocialWeChat.a in Frameworks */,
				6275CEE31FAC34C000A1C616 /* libSHUIImagePickerControllerLibrary.a in Frameworks */,
				62282D141FA49F6E007E3ABE /* libCrasheye.a in Frameworks */,
			);
			runOnlyForDeploymentPostprocessing = 0;
		};
		62F801411F9B5D780038DD5C /* Frameworks */ = {
			isa = PBXFrameworksBuildPhase;
			buildActionMask = 2147483647;
			files = (
			);
			runOnlyForDeploymentPostprocessing = 0;
		};
		62F8014C1F9B5D790038DD5C /* Frameworks */ = {
			isa = PBXFrameworksBuildPhase;
			buildActionMask = 2147483647;
			files = (
			);
			runOnlyForDeploymentPostprocessing = 0;
		};
		62F8018B1F9B8C390038DD5C /* Frameworks */ = {
			isa = PBXFrameworksBuildPhase;
			buildActionMask = 2147483647;
			files = (
			);
			runOnlyForDeploymentPostprocessing = 0;
		};
/* End PBXFrameworksBuildPhase section */

/* Begin PBXGroup section */
		27969EA57A38CD5199A02684 /* Pods */ = {
			isa = PBXGroup;
			children = (
				CE6B64D09080A05D3304AE1F /* Pods-Home.debug.xcconfig */,
				A097E1C3B9371F5718A62CBD /* Pods-Home.release.xcconfig */,
			);
			name = Pods;
			sourceTree = "<group>";
		};
		62282C6E1F9E2F4D007E3ABE /* Category */ = {
			isa = PBXGroup;
			children = (
				62282C721F9F7998007E3ABE /* UIColor+Translate.h */,
				62282C731F9F7998007E3ABE /* UIColor+Translate.m */,
				62282C6F1F9E2FB1007E3ABE /* NSString+CGSize.h */,
				62282C701F9E2FB1007E3ABE /* NSString+CGSize.m */,
			);
			path = Category;
			sourceTree = "<group>";
		};
		62282D091FA49F6E007E3ABE /* library */ = {
			isa = PBXGroup;
			children = (
				6275CEDF1FAC34C000A1C616 /* SHUIImagePickerControllerLibrary */,
				62282D241FA4A76B007E3ABE /* umeng_sdk_ios */,
				62282D0A1FA49F6E007E3ABE /* crasheye_ios_v2.5.2 */,
			);
			path = library;
			sourceTree = "<group>";
		};
		62282D0A1FA49F6E007E3ABE /* crasheye_ios_v2.5.2 */ = {
			isa = PBXGroup;
			children = (
				62282D0B1FA49F6E007E3ABE /* Crasheye.h */,
				62282D0C1FA49F6E007E3ABE /* libCrasheye.a */,
			);
			path = crasheye_ios_v2.5.2;
			sourceTree = "<group>";
		};
		62282D241FA4A76B007E3ABE /* umeng_sdk_ios */ = {
			isa = PBXGroup;
			children = (
				62282D321FA60011007E3ABE /* UMSocial */,
				62282D2B1FA4A9D9007E3ABE /* thirdparties */,
				62282D251FA4A76B007E3ABE /* common */,
				62282D271FA4A76B007E3ABE /* analytics */,
			);
			path = umeng_sdk_ios;
			sourceTree = "<group>";
		};
		62282D251FA4A76B007E3ABE /* common */ = {
			isa = PBXGroup;
			children = (
				62282D261FA4A76B007E3ABE /* UMCommon.framework */,
			);
			path = common;
			sourceTree = "<group>";
		};
		62282D271FA4A76B007E3ABE /* analytics */ = {
			isa = PBXGroup;
			children = (
				62282D281FA4A76B007E3ABE /* UMAnalytics.framework */,
			);
			path = analytics;
			sourceTree = "<group>";
		};
		62282D2B1FA4A9D9007E3ABE /* thirdparties */ = {
			isa = PBXGroup;
			children = (
				62282D2C1FA4A9D9007E3ABE /* thirdparties_ios_1.0.0.16 */,
			);
			path = thirdparties;
			sourceTree = "<group>";
		};
		62282D2C1FA4A9D9007E3ABE /* thirdparties_ios_1.0.0.16 */ = {
			isa = PBXGroup;
			children = (
				62282D2D1FA4A9D9007E3ABE /* UTDID.framework */,
			);
			path = thirdparties_ios_1.0.0.16;
			sourceTree = "<group>";
		};
		62282D321FA60011007E3ABE /* UMSocial */ = {
			isa = PBXGroup;
			children = (
				62282D331FA60011007E3ABE /* UMSocialUI */,
				62282D361FA60011007E3ABE /* UMSocialSDK */,
				62282D3A1FA60011007E3ABE /* SocialLibraries */,
				62282D4A1FA60011007E3ABE /* UMSocialSDKPlugin */,
			);
			path = UMSocial;
			sourceTree = "<group>";
		};
		62282D331FA60011007E3ABE /* UMSocialUI */ = {
			isa = PBXGroup;
			children = (
				62282D341FA60011007E3ABE /* UMSocialSDKResources.bundle */,
				62282D351FA60011007E3ABE /* UShareUI.framework */,
			);
			path = UMSocialUI;
			sourceTree = "<group>";
		};
		62282D361FA60011007E3ABE /* UMSocialSDK */ = {
			isa = PBXGroup;
			children = (
				62282D371FA60011007E3ABE /* UMSocialNetwork.framework */,
				62282D381FA60011007E3ABE /* UMSocialSDKPromptResources.bundle */,
				62282D391FA60011007E3ABE /* UMSocialCore.framework */,
			);
			path = UMSocialSDK;
			sourceTree = "<group>";
		};
		62282D3A1FA60011007E3ABE /* SocialLibraries */ = {
			isa = PBXGroup;
			children = (
				62282D3B1FA60011007E3ABE /* SMS */,
				62282D3E1FA60011007E3ABE /* UniqueId */,
				62282D411FA60011007E3ABE /* WeChat */,
				62282D441FA60011007E3ABE /* Sina */,
				62282D471FA60011007E3ABE /* QQ */,
			);
			path = SocialLibraries;
			sourceTree = "<group>";
		};
		62282D3B1FA60011007E3ABE /* SMS */ = {
			isa = PBXGroup;
			children = (
				62282D3C1FA60011007E3ABE /* libSocialSMS.a */,
				62282D3D1FA60011007E3ABE /* UMSocialSmsHandler.h */,
			);
			path = SMS;
			sourceTree = "<group>";
		};
		62282D3E1FA60011007E3ABE /* UniqueId */ = {
			isa = PBXGroup;
			children = (
				62282D3F1FA60011007E3ABE /* UMSocialUniqueIdHandler.h */,
				62282D401FA60011007E3ABE /* libSocialUniqueId.a */,
			);
			path = UniqueId;
			sourceTree = "<group>";
		};
		62282D411FA60011007E3ABE /* WeChat */ = {
			isa = PBXGroup;
			children = (
				62282D421FA60011007E3ABE /* libSocialWeChat.a */,
				62282D431FA60011007E3ABE /* UMSocialWechatHandler.h */,
			);
			path = WeChat;
			sourceTree = "<group>";
		};
		62282D441FA60011007E3ABE /* Sina */ = {
			isa = PBXGroup;
			children = (
				62282D451FA60011007E3ABE /* libSocialSina.a */,
				62282D461FA60011007E3ABE /* UMSocialSinaHandler.h */,
			);
			path = Sina;
			sourceTree = "<group>";
		};
		62282D471FA60011007E3ABE /* QQ */ = {
			isa = PBXGroup;
			children = (
				62282D481FA60011007E3ABE /* UMSocialQQHandler.h */,
				62282D491FA60011007E3ABE /* libSocialQQ.a */,
			);
			path = QQ;
			sourceTree = "<group>";
		};
		62282D4A1FA60011007E3ABE /* UMSocialSDKPlugin */ = {
			isa = PBXGroup;
			children = (
				62282D4B1FA60011007E3ABE /* libUMSocialLog.a */,
			);
			path = UMSocialSDKPlugin;
			sourceTree = "<group>";
		};
		6275CEDF1FAC34C000A1C616 /* SHUIImagePickerControllerLibrary */ = {
			isa = PBXGroup;
			children = (
				6275CEE51FAC359800A1C616 /* SHAssetModel.h */,
				6275CEE01FAC34C000A1C616 /* libSHUIImagePickerControllerLibrary.a */,
				6275CEE11FAC34C000A1C616 /* SHUIImagePickerControllerLibrary.h */,
				6275CEE21FAC34C000A1C616 /* SHUIImagePickerControllerLibrarySource.bundle */,
			);
			path = SHUIImagePickerControllerLibrary;
			sourceTree = "<group>";
		};
		62B9C0051F9CBFD6006B5F66 /* View */ = {
			isa = PBXGroup;
			children = (
				6275CED61FAC14AF00A1C616 /* LiveWithDeleteImageView.h */,
				6275CED71FAC14AF00A1C616 /* LiveWithDeleteImageView.m */,
				62B9C0061F9CC0A0006B5F66 /* DatePickView.h */,
				62B9C0071F9CC0A0006B5F66 /* DatePickView.m */,
				622B8AF91FA9ADBC0080552F /* SHPlainTableView.h */,
				622B8AFA1FA9ADBC0080552F /* SHPlainTableView.m */,
			);
			path = View;
			sourceTree = "<group>";
		};
		62F801231F9B5D780038DD5C = {
			isa = PBXGroup;
			children = (
				62F8012E1F9B5D780038DD5C /* Home */,
				62F801471F9B5D780038DD5C /* HomeTests */,
				62F801521F9B5D790038DD5C /* HomeUITests */,
				62F8018F1F9B8C390038DD5C /* HomeSource */,
				62F8012D1F9B5D780038DD5C /* Products */,
				62F8019A1F9B8F830038DD5C /* Frameworks */,
				27969EA57A38CD5199A02684 /* Pods */,
			);
			sourceTree = "<group>";
		};
		62F8012D1F9B5D780038DD5C /* Products */ = {
			isa = PBXGroup;
			children = (
				62F8012C1F9B5D780038DD5C /* Home.app */,
				62F801441F9B5D780038DD5C /* HomeTests.xctest */,
				62F8014F1F9B5D790038DD5C /* HomeUITests.xctest */,
				62F8018E1F9B8C390038DD5C /* HomeSource.bundle */,
			);
			name = Products;
			sourceTree = "<group>";
		};
		62F8012E1F9B5D780038DD5C /* Home */ = {
			isa = PBXGroup;
			children = (
				62282D091FA49F6E007E3ABE /* library */,
				62282C6E1F9E2F4D007E3ABE /* Category */,
				62F801631F9B5DAD0038DD5C /* Base */,
				62B9C0051F9CBFD6006B5F66 /* View */,
				62F8020D1F9C99840038DD5C /* Controller */,
				62F801C81F9C6AC40038DD5C /* Cell */,
				62F801C41F9C68880038DD5C /* Model */,
				62F801621F9B5DAD0038DD5C /* TabbarViewController */,
				62F801611F9B5DAD0038DD5C /* ViewController */,
				62F8012F1F9B5D780038DD5C /* AppDelegate.h */,
				62F801301F9B5D780038DD5C /* AppDelegate.m */,
				62F801321F9B5D780038DD5C /* ViewController.h */,
				62F801331F9B5D780038DD5C /* ViewController.m */,
				62F801351F9B5D780038DD5C /* Main.storyboard */,
				62F801381F9B5D780038DD5C /* Assets.xcassets */,
				62F8013A1F9B5D780038DD5C /* LaunchScreen.storyboard */,
				62F8013D1F9B5D780038DD5C /* Info.plist */,
				62F8013E1F9B5D780038DD5C /* main.m */,
				62F8017B1F9B61690038DD5C /* Home.pch */,
			);
			path = Home;
			sourceTree = "<group>";
		};
		62F801471F9B5D780038DD5C /* HomeTests */ = {
			isa = PBXGroup;
			children = (
				62F801481F9B5D780038DD5C /* HomeTests.m */,
				62F8014A1F9B5D780038DD5C /* Info.plist */,
			);
			path = HomeTests;
			sourceTree = "<group>";
		};
		62F801521F9B5D790038DD5C /* HomeUITests */ = {
			isa = PBXGroup;
			children = (
				62F801531F9B5D790038DD5C /* HomeUITests.m */,
				62F801551F9B5D790038DD5C /* Info.plist */,
			);
			path = HomeUITests;
			sourceTree = "<group>";
		};
		62F801611F9B5DAD0038DD5C /* ViewController */ = {
			isa = PBXGroup;
			children = (
				62F801671F9B5E2A0038DD5C /* CommodityListViewController.h */,
				62F801681F9B5E2A0038DD5C /* CommodityListViewController.m */,
				62F801A41F9B916E0038DD5C /* SetTableViewController.h */,
				62F801A51F9B916E0038DD5C /* SetTableViewController.m */,
				62F801C11F9C67330038DD5C /* CategorySelectViewController.h */,
				62F801C21F9C67330038DD5C /* CategorySelectViewController.m */,
				62F801CC1F9C6BFE0038DD5C /* CommodityRewardingViewController.h */,
				62F801CD1F9C6BFE0038DD5C /* CommodityRewardingViewController.m */,
				62282D2F1FA5FDA3007E3ABE /* LogInViewController.h */,
				62282D301FA5FDA3007E3ABE /* LogInViewController.m */,
				622B8AE71FA9646F0080552F /* HomeViewController.h */,
				622B8AE81FA9646F0080552F /* HomeViewController.m */,
				622B8AED1FA969A20080552F /* SearchViewController.h */,
				622B8AEE1FA969A20080552F /* SearchViewController.m */,
				622B8AF01FA96B130080552F /* PersonalRightsViewController.h */,
				622B8AF11FA96B140080552F /* PersonalRightsViewController.m */,
				622B8AFC1FAA0A6E0080552F /* PersonalRightsRewardingViewController.h */,
				622B8AFD1FAA0A6E0080552F /* PersonalRightsRewardingViewController.m */,
			);
			path = ViewController;
			sourceTree = "<group>";
		};
		62F801621F9B5DAD0038DD5C /* TabbarViewController */ = {
			isa = PBXGroup;
			children = (
				62F801841F9B69F50038DD5C /* TabBarController.h */,
				62F801851F9B69F50038DD5C /* TabBarController.m */,
			);
			path = TabbarViewController;
			sourceTree = "<group>";
		};
		62F801631F9B5DAD0038DD5C /* Base */ = {
			isa = PBXGroup;
			children = (
				62F8020E1F9C998D0038DD5C /* BaseController */,
				62F801B71F9C3EEE0038DD5C /* BaseModel */,
				62F801AA1F9C33CE0038DD5C /* BaseCell */,
				62F801801F9B68D20038DD5C /* BaseTabBarController */,
				62F8016A1F9B5E9F0038DD5C /* BaseView */,
				62F8016B1F9B5E9F0038DD5C /* BaseViewController */,
			);
			path = Base;
			sourceTree = "<group>";
		};
		62F8016A1F9B5E9F0038DD5C /* BaseView */ = {
			isa = PBXGroup;
			children = (
				62F801751F9B5F310038DD5C /* BaseView.h */,
				62F801761F9B5F310038DD5C /* BaseView.m */,
				62F801781F9B60EC0038DD5C /* CustomizedNavigationBar.h */,
				62F801791F9B60EC0038DD5C /* CustomizedNavigationBar.m */,
				62F801871F9B7F5C0038DD5C /* BaseTabBarItem.h */,
				62F801881F9B7F5C0038DD5C /* BaseTabBarItem.m */,
				622B8B021FAD96A30080552F /* NoDataView.h */,
				622B8B031FAD96A30080552F /* NoDataView.m */,
				622B8B051FAD96BD0080552F /* NoInternetView.h */,
				622B8B061FAD96BD0080552F /* NoInternetView.m */,
			);
			path = BaseView;
			sourceTree = "<group>";
		};
		62F8016B1F9B5E9F0038DD5C /* BaseViewController */ = {
			isa = PBXGroup;
			children = (
				622B8B081FAD99450080552F /* BaseTableViewController.h */,
				622B8B091FAD99450080552F /* BaseTableViewController.m */,
				62F801721F9B5F020038DD5C /* BaseViewController.h */,
				62F801731F9B5F030038DD5C /* BaseViewController.m */,
				62F8016F1F9B5EC60038DD5C /* BaseNavViewController.h */,
				62F801701F9B5EC60038DD5C /* BaseNavViewController.m */,
				622B8AFF1FAD964D0080552F /* BaseAbnormalViewController.h */,
				622B8B001FAD964D0080552F /* BaseAbnormalViewController.m */,
			);
			path = BaseViewController;
			sourceTree = "<group>";
		};
		62F801801F9B68D20038DD5C /* BaseTabBarController */ = {
			isa = PBXGroup;
			children = (
				62F801811F9B68F40038DD5C /* BaseTabBarController.h */,
				62F801821F9B68F40038DD5C /* BaseTabBarController.m */,
			);
			path = BaseTabBarController;
			sourceTree = "<group>";
		};
		62F8018F1F9B8C390038DD5C /* HomeSource */ = {
			isa = PBXGroup;
			children = (
				6275CEEF1FAC38FC00A1C616 /* frame_icon@2x.png */,
				6275CEF01FAC38FC00A1C616 /* frame_icon@3x.png */,
				6275CEF11FAC38FC00A1C616 /* line@2x.png */,
				6275CEF21FAC38FC00A1C616 /* line@3x.png */,
				6275CEF31FAC38FC00A1C616 /* arrow_duf@2x.png */,
				6275CEF41FAC38FC00A1C616 /* arrow_duf@3x.png */,
				6275CEF51FAC38FC00A1C616 /* back@2x.png */,
				6275CEF61FAC38FC00A1C616 /* back@3x.png */,
				6275CEF71FAC38FC00A1C616 /* noData@2x.png */,
				6275CEF81FAC38FC00A1C616 /* noData@3x.png */,
				6275CEF91FAC38FC00A1C616 /* NoInternet@2x.png */,
				6275CEFA1FAC38FC00A1C616 /* NoInternet@3x.png */,
				6275CEFB1FAC38FC00A1C616 /* QQ@2x.png */,
				6275CEFC1FAC38FC00A1C616 /* QQ@3x.png */,
				6275CEFD1FAC38FC00A1C616 /* refresh@2x.png */,
				6275CEFE1FAC38FC00A1C616 /* refresh@3x.png */,
				6275CEFF1FAC38FC00A1C616 /* refreshHighlighted@2x.png */,
				6275CF001FAC38FC00A1C616 /* refreshHighlighted@3x.png */,
				6275CF011FAC38FC00A1C616 /* search@2x.png */,
				6275CF021FAC38FC00A1C616 /* search@3x.png */,
				6275CF031FAC38FC00A1C616 /* share@2x.png */,
				6275CF041FAC38FC00A1C616 /* share@3x.png */,
				6275CF051FAC38FC00A1C616 /* weibo@2x.png */,
				6275CF061FAC38FC00A1C616 /* weibo@3x.png */,
				6275CF071FAC38FC00A1C616 /* weixin@2x.png */,
				6275CF081FAC38FC00A1C616 /* weixin@3x.png */,
				62DE4B411F9F42890086CE06 /* delete_ful@2x.png */,
				62DE4B421F9F42890086CE06 /* delete_ful@3x.png */,
				62DE4B431F9F42890086CE06 /* photo_duf@2x.png */,
				62DE4B441F9F42890086CE06 /* photo_duf@3x.png */,
				62F801951F9B8CC20038DD5C /* 1.png */,
				62F801941F9B8CC20038DD5C /* 2.png */,
				62F801901F9B8C390038DD5C /* Info.plist */,
			);
			path = HomeSource;
			sourceTree = "<group>";
		};
		62F8019A1F9B8F830038DD5C /* Frameworks */ = {
			isa = PBXGroup;
			children = (
				62282D221FA4A6E9007E3ABE /* UTDID.framework */,
				62282D201FA4A6B8007E3ABE /* SystemConfiguration.framework */,
				62282D1E1FA4A6B1007E3ABE /* libsqlite3.tbd */,
				62282D1C1FA4A691007E3ABE /* CoreTelephony.framework */,
				62282D1A1FA49FF5007E3ABE /* libc++.tbd */,
				62282D181FA49FDD007E3ABE /* libz.tbd */,
				62F8019B1F9B8F830038DD5C /* HomeSource */,
				EDE216328AA40022747E69E6 /* libPods-Home.a */,
			);
			name = Frameworks;
			sourceTree = "<group>";
		};
		62F8019B1F9B8F830038DD5C /* HomeSource */ = {
			isa = PBXGroup;
			children = (
				62F8019C1F9B8F830038DD5C /* 2.png */,
				62F8019D1F9B8F830038DD5C /* Info.plist */,
				62F8019E1F9B8F830038DD5C /* 1.png */,
			);
			path = HomeSource;
			sourceTree = "<group>";
		};
		62F801AA1F9C33CE0038DD5C /* BaseCell */ = {
			isa = PBXGroup;
			children = (
				62F801AB1F9C33E40038DD5C /* BaseTableViewCell.h */,
				62F801AC1F9C33E40038DD5C /* BaseTableViewCell.m */,
				62F801B41F9C3D410038DD5C /* TableViewCellWithBottomLine.h */,
				62F801B51F9C3D410038DD5C /* TableViewCellWithBottomLine.m */,
			);
			path = BaseCell;
			sourceTree = "<group>";
		};
		62F801B71F9C3EEE0038DD5C /* BaseModel */ = {
			isa = PBXGroup;
			children = (
				62F801B81F9C3F010038DD5C /* BaseModel.h */,
				62F801B91F9C3F010038DD5C /* BaseModel.m */,
			);
			path = BaseModel;
			sourceTree = "<group>";
		};
		62F801C41F9C68880038DD5C /* Model */ = {
			isa = PBXGroup;
			children = (
				6275CED01FAC144600A1C616 /* ModelWithState.h */,
				6275CED11FAC144600A1C616 /* ModelWithState.m */,
				6275CED21FAC144600A1C616 /* ModelWithTitle.h */,
				6275CED31FAC144600A1C616 /* ModelWithTitle.m */,
				62F801C51F9C689B0038DD5C /* CategoryModel.h */,
				62F801C61F9C689B0038DD5C /* CategoryModel.m */,
				62282C681F9CCF8F007E3ABE /* CommodityModel.h */,
				62282C691F9CCF8F007E3ABE /* CommodityModel.m */,
				622B8AF31FA96BBA0080552F /* PersonalRightsModel.h */,
				622B8AF41FA96BBA0080552F /* PersonalRightsModel.m */,
			);
			path = Model;
			sourceTree = "<group>";
		};
		62F801C81F9C6AC40038DD5C /* Cell */ = {
			isa = PBXGroup;
			children = (
				6275CED91FAC14CD00A1C616 /* TableViewCellWithSwitch.h */,
				6275CEDA1FAC14CD00A1C616 /* TableViewCellWithSwitch.m */,
				6275CEDB1FAC14CD00A1C616 /* TableViewCellWithTitle.h */,
				6275CEDC1FAC14CD00A1C616 /* TableViewCellWithTitle.m */,
				62F801C91F9C6AFE0038DD5C /* CategoryTableViewCell.h */,
				62F801CA1F9C6AFE0038DD5C /* CategoryTableViewCell.m */,
				62282C6B1F9E2C02007E3ABE /* CommodityTableViewCell.h */,
				62282C6C1F9E2C02007E3ABE /* CommodityTableViewCell.m */,
				622B8AF61FA9ACDC0080552F /* PersonalRightsCell.h */,
				622B8AF71FA9ACDC0080552F /* PersonalRightsCell.m */,
			);
			path = Cell;
			sourceTree = "<group>";
		};
		62F8020D1F9C99840038DD5C /* Controller */ = {
			isa = PBXGroup;
			children = (
				62F802121F9C9AC70038DD5C /* CommodityDataManager.h */,
				62F802131F9C9AC70038DD5C /* CommodityDataManager.m */,
				62282D571FA6097C007E3ABE /* SHFMDBManager.h */,
				62282D581FA6097C007E3ABE /* SHFMDBManager.m */,
			);
			path = Controller;
			sourceTree = "<group>";
		};
		62F8020E1F9C998D0038DD5C /* BaseController */ = {
			isa = PBXGroup;
			children = (
				62F8020F1F9C99BF0038DD5C /* BaseController.h */,
				62F802101F9C99BF0038DD5C /* BaseController.m */,
			);
			path = BaseController;
			sourceTree = "<group>";
		};
/* End PBXGroup section */

/* Begin PBXNativeTarget section */
		62F8012B1F9B5D780038DD5C /* Home */ = {
			isa = PBXNativeTarget;
			buildConfigurationList = 62F801581F9B5D790038DD5C /* Build configuration list for PBXNativeTarget "Home" */;
			buildPhases = (
				47DC0B52FB1A83CDC60F7B62 /* [CP] Check Pods Manifest.lock */,
				62F801281F9B5D780038DD5C /* Sources */,
				62F801291F9B5D780038DD5C /* Frameworks */,
				62F8012A1F9B5D780038DD5C /* Resources */,
				22EAFF878EBAC79137F33876 /* [CP] Embed Pods Frameworks */,
				50B6E0D64CAABEBF99B043E6 /* [CP] Copy Pods Resources */,
			);
			buildRules = (
			);
			dependencies = (
				62F801991F9B8E210038DD5C /* PBXTargetDependency */,
			);
			name = Home;
			productName = Home;
			productReference = 62F8012C1F9B5D780038DD5C /* Home.app */;
			productType = "com.apple.product-type.application";
		};
		62F801431F9B5D780038DD5C /* HomeTests */ = {
			isa = PBXNativeTarget;
			buildConfigurationList = 62F8015B1F9B5D790038DD5C /* Build configuration list for PBXNativeTarget "HomeTests" */;
			buildPhases = (
				62F801401F9B5D780038DD5C /* Sources */,
				62F801411F9B5D780038DD5C /* Frameworks */,
				62F801421F9B5D780038DD5C /* Resources */,
			);
			buildRules = (
			);
			dependencies = (
				62F801461F9B5D780038DD5C /* PBXTargetDependency */,
			);
			name = HomeTests;
			productName = HomeTests;
			productReference = 62F801441F9B5D780038DD5C /* HomeTests.xctest */;
			productType = "com.apple.product-type.bundle.unit-test";
		};
		62F8014E1F9B5D790038DD5C /* HomeUITests */ = {
			isa = PBXNativeTarget;
			buildConfigurationList = 62F8015E1F9B5D790038DD5C /* Build configuration list for PBXNativeTarget "HomeUITests" */;
			buildPhases = (
				62F8014B1F9B5D790038DD5C /* Sources */,
				62F8014C1F9B5D790038DD5C /* Frameworks */,
				62F8014D1F9B5D790038DD5C /* Resources */,
			);
			buildRules = (
			);
			dependencies = (
				62F801511F9B5D790038DD5C /* PBXTargetDependency */,
			);
			name = HomeUITests;
			productName = HomeUITests;
			productReference = 62F8014F1F9B5D790038DD5C /* HomeUITests.xctest */;
			productType = "com.apple.product-type.bundle.ui-testing";
		};
		62F8018D1F9B8C390038DD5C /* HomeSource */ = {
			isa = PBXNativeTarget;
			buildConfigurationList = 62F801911F9B8C390038DD5C /* Build configuration list for PBXNativeTarget "HomeSource" */;
			buildPhases = (
				62F8018A1F9B8C390038DD5C /* Sources */,
				62F8018B1F9B8C390038DD5C /* Frameworks */,
				62F8018C1F9B8C390038DD5C /* Resources */,
			);
			buildRules = (
			);
			dependencies = (
			);
			name = HomeSource;
			productName = HomeSource;
			productReference = 62F8018E1F9B8C390038DD5C /* HomeSource.bundle */;
			productType = "com.apple.product-type.bundle";
		};
/* End PBXNativeTarget section */

/* Begin PBXProject section */
		62F801241F9B5D780038DD5C /* Project object */ = {
			isa = PBXProject;
			attributes = {
				LastUpgradeCheck = 0900;
				ORGANIZATIONNAME = xianjunwang;
				TargetAttributes = {
					62F8012B1F9B5D780038DD5C = {
						CreatedOnToolsVersion = 9.0;
						ProvisioningStyle = Automatic;
					};
					62F801431F9B5D780038DD5C = {
						CreatedOnToolsVersion = 9.0;
						ProvisioningStyle = Automatic;
						TestTargetID = 62F8012B1F9B5D780038DD5C;
					};
					62F8014E1F9B5D790038DD5C = {
						CreatedOnToolsVersion = 9.0;
						ProvisioningStyle = Automatic;
						TestTargetID = 62F8012B1F9B5D780038DD5C;
					};
					62F8018D1F9B8C390038DD5C = {
						CreatedOnToolsVersion = 9.0;
						ProvisioningStyle = Automatic;
					};
				};
			};
			buildConfigurationList = 62F801271F9B5D780038DD5C /* Build configuration list for PBXProject "Home" */;
			compatibilityVersion = "Xcode 8.0";
			developmentRegion = en;
			hasScannedForEncodings = 0;
			knownRegions = (
				en,
				Base,
			);
			mainGroup = 62F801231F9B5D780038DD5C;
			productRefGroup = 62F8012D1F9B5D780038DD5C /* Products */;
			projectDirPath = "";
			projectRoot = "";
			targets = (
				62F8012B1F9B5D780038DD5C /* Home */,
				62F801431F9B5D780038DD5C /* HomeTests */,
				62F8014E1F9B5D790038DD5C /* HomeUITests */,
				62F8018D1F9B8C390038DD5C /* HomeSource */,
			);
		};
/* End PBXProject section */

/* Begin PBXResourcesBuildPhase section */
		62F8012A1F9B5D780038DD5C /* Resources */ = {
			isa = PBXResourcesBuildPhase;
			buildActionMask = 2147483647;
			files = (
				62F801A01F9B90170038DD5C /* HomeSource.bundle in Resources */,
				62282D4F1FA60011007E3ABE /* UMSocialSDKPromptResources.bundle in Resources */,
				62F8013C1F9B5D780038DD5C /* LaunchScreen.storyboard in Resources */,
				6275CEE41FAC34C000A1C616 /* SHUIImagePickerControllerLibrarySource.bundle in Resources */,
				62F801391F9B5D780038DD5C /* Assets.xcassets in Resources */,
				62F801371F9B5D780038DD5C /* Main.storyboard in Resources */,
				62282D4C1FA60011007E3ABE /* UMSocialSDKResources.bundle in Resources */,
			);
			runOnlyForDeploymentPostprocessing = 0;
		};
		62F801421F9B5D780038DD5C /* Resources */ = {
			isa = PBXResourcesBuildPhase;
			buildActionMask = 2147483647;
			files = (
			);
			runOnlyForDeploymentPostprocessing = 0;
		};
		62F8014D1F9B5D790038DD5C /* Resources */ = {
			isa = PBXResourcesBuildPhase;
			buildActionMask = 2147483647;
			files = (
			);
			runOnlyForDeploymentPostprocessing = 0;
		};
		62F8018C1F9B8C390038DD5C /* Resources */ = {
			isa = PBXResourcesBuildPhase;
			buildActionMask = 2147483647;
			files = (
				62DE4B461F9F42890086CE06 /* delete_ful@3x.png in Resources */,
				6275CF171FAC38FD00A1C616 /* refresh@2x.png in Resources */,
				62DE4B471F9F42890086CE06 /* photo_duf@2x.png in Resources */,
				6275CF121FAC38FD00A1C616 /* noData@3x.png in Resources */,
				6275CF0A1FAC38FC00A1C616 /* frame_icon@3x.png in Resources */,
				6275CF211FAC38FD00A1C616 /* weixin@2x.png in Resources */,
				6275CF111FAC38FD00A1C616 /* noData@2x.png in Resources */,
				6275CF141FAC38FD00A1C616 /* NoInternet@3x.png in Resources */,
				6275CF1A1FAC38FD00A1C616 /* refreshHighlighted@3x.png in Resources */,
				62DE4B481F9F42890086CE06 /* photo_duf@3x.png in Resources */,
				6275CF101FAC38FC00A1C616 /* back@3x.png in Resources */,
				62F801961F9B8CC20038DD5C /* 2.png in Resources */,
				6275CF1D1FAC38FD00A1C616 /* share@2x.png in Resources */,
				62F801971F9B8CC20038DD5C /* 1.png in Resources */,
				6275CF1E1FAC38FD00A1C616 /* share@3x.png in Resources */,
				6275CF0D1FAC38FC00A1C616 /* arrow_duf@2x.png in Resources */,
				6275CF1C1FAC38FD00A1C616 /* search@3x.png in Resources */,
				6275CF0E1FAC38FC00A1C616 /* arrow_duf@3x.png in Resources */,
				6275CF0F1FAC38FC00A1C616 /* back@2x.png in Resources */,
				6275CF161FAC38FD00A1C616 /* QQ@3x.png in Resources */,
				6275CF091FAC38FC00A1C616 /* frame_icon@2x.png in Resources */,
				6275CF131FAC38FD00A1C616 /* NoInternet@2x.png in Resources */,
				6275CF191FAC38FD00A1C616 /* refreshHighlighted@2x.png in Resources */,
				6275CF0B1FAC38FC00A1C616 /* line@2x.png in Resources */,
				62DE4B451F9F42890086CE06 /* delete_ful@2x.png in Resources */,
				6275CF0C1FAC38FC00A1C616 /* line@3x.png in Resources */,
				6275CF151FAC38FD00A1C616 /* QQ@2x.png in Resources */,
				6275CF1F1FAC38FD00A1C616 /* weibo@2x.png in Resources */,
				6275CF1B1FAC38FD00A1C616 /* search@2x.png in Resources */,
				6275CF201FAC38FD00A1C616 /* weibo@3x.png in Resources */,
				6275CF181FAC38FD00A1C616 /* refresh@3x.png in Resources */,
				6275CF221FAC38FD00A1C616 /* weixin@3x.png in Resources */,
			);
			runOnlyForDeploymentPostprocessing = 0;
		};
/* End PBXResourcesBuildPhase section */

/* Begin PBXShellScriptBuildPhase section */
		22EAFF878EBAC79137F33876 /* [CP] Embed Pods Frameworks */ = {
			isa = PBXShellScriptBuildPhase;
			buildActionMask = 2147483647;
			files = (
			);
			inputPaths = (
			);
			name = "[CP] Embed Pods Frameworks";
			outputPaths = (
			);
			runOnlyForDeploymentPostprocessing = 0;
			shellPath = /bin/sh;
			shellScript = "\"${SRCROOT}/Pods/Target Support Files/Pods-Home/Pods-Home-frameworks.sh\"\n";
			showEnvVarsInLog = 0;
		};
		47DC0B52FB1A83CDC60F7B62 /* [CP] Check Pods Manifest.lock */ = {
			isa = PBXShellScriptBuildPhase;
			buildActionMask = 2147483647;
			files = (
			);
			inputPaths = (
				"${PODS_PODFILE_DIR_PATH}/Podfile.lock",
				"${PODS_ROOT}/Manifest.lock",
			);
			name = "[CP] Check Pods Manifest.lock";
			outputPaths = (
				"$(DERIVED_FILE_DIR)/Pods-Home-checkManifestLockResult.txt",
			);
			runOnlyForDeploymentPostprocessing = 0;
			shellPath = /bin/sh;
			shellScript = "diff \"${PODS_PODFILE_DIR_PATH}/Podfile.lock\" \"${PODS_ROOT}/Manifest.lock\" > /dev/null\nif [ $? != 0 ] ; then\n    # print error to STDERR\n    echo \"error: The sandbox is not in sync with the Podfile.lock. Run 'pod install' or update your CocoaPods installation.\" >&2\n    exit 1\nfi\n# This output is used by Xcode 'outputs' to avoid re-running this script phase.\necho \"SUCCESS\" > \"${SCRIPT_OUTPUT_FILE_0}\"\n";
			showEnvVarsInLog = 0;
		};
		50B6E0D64CAABEBF99B043E6 /* [CP] Copy Pods Resources */ = {
			isa = PBXShellScriptBuildPhase;
			buildActionMask = 2147483647;
			files = (
			);
			inputPaths = (
				"${SRCROOT}/Pods/Target Support Files/Pods-Home/Pods-Home-resources.sh",
				"${PODS_ROOT}/MBProgressHUD+BWMExtension/Example/MBProgressHUD+BWMExtension/MBProgressHUD+BWMExtension.xcassets",
			);
			name = "[CP] Copy Pods Resources";
			outputPaths = (
				"${TARGET_BUILD_DIR}/${UNLOCALIZED_RESOURCES_FOLDER_PATH}",
			);
			runOnlyForDeploymentPostprocessing = 0;
			shellPath = /bin/sh;
			shellScript = "\"${SRCROOT}/Pods/Target Support Files/Pods-Home/Pods-Home-resources.sh\"\n";
			showEnvVarsInLog = 0;
		};
/* End PBXShellScriptBuildPhase section */

/* Begin PBXSourcesBuildPhase section */
		62F801281F9B5D780038DD5C /* Sources */ = {
			isa = PBXSourcesBuildPhase;
			buildActionMask = 2147483647;
			files = (
				622B8B041FAD96A30080552F /* NoDataView.m in Sources */,
				62F8019F1F9B8F910038DD5C /* HomeSource.bundle in Sources */,
				62282C6D1F9E2C02007E3ABE /* CommodityTableViewCell.m in Sources */,
				62F801831F9B68F40038DD5C /* BaseTabBarController.m in Sources */,
				62F801C71F9C689B0038DD5C /* CategoryModel.m in Sources */,
				622B8AF81FA9ACDC0080552F /* PersonalRightsCell.m in Sources */,
				62282C6A1F9CCF8F007E3ABE /* CommodityModel.m in Sources */,
				62F8017A1F9B60EC0038DD5C /* CustomizedNavigationBar.m in Sources */,
				622B8B071FAD96BD0080552F /* NoInternetView.m in Sources */,
				6275CED41FAC144600A1C616 /* ModelWithState.m in Sources */,
				62F801B61F9C3D410038DD5C /* TableViewCellWithBottomLine.m in Sources */,
				622B8B011FAD964D0080552F /* BaseAbnormalViewController.m in Sources */,
				622B8AFE1FAA0A6E0080552F /* PersonalRightsRewardingViewController.m in Sources */,
				62282D311FA5FDA3007E3ABE /* LogInViewController.m in Sources */,
				62F801341F9B5D780038DD5C /* ViewController.m in Sources */,
				62F801C31F9C67330038DD5C /* CategorySelectViewController.m in Sources */,
				62F802111F9C99BF0038DD5C /* BaseController.m in Sources */,
				622B8AEF1FA969A20080552F /* SearchViewController.m in Sources */,
				62F802141F9C9AC70038DD5C /* CommodityDataManager.m in Sources */,
				622B8B0A1FAD99460080552F /* BaseTableViewController.m in Sources */,
				62F801741F9B5F030038DD5C /* BaseViewController.m in Sources */,
				622B8AF51FA96BBA0080552F /* PersonalRightsModel.m in Sources */,
				62F801861F9B69F50038DD5C /* TabBarController.m in Sources */,
				6275CED51FAC144600A1C616 /* ModelWithTitle.m in Sources */,
				62F801771F9B5F310038DD5C /* BaseView.m in Sources */,
				6275CEDD1FAC14CD00A1C616 /* TableViewCellWithSwitch.m in Sources */,
				622B8AE91FA9646F0080552F /* HomeViewController.m in Sources */,
				62F801691F9B5E2A0038DD5C /* CommodityListViewController.m in Sources */,
				62282C711F9E2FB1007E3ABE /* NSString+CGSize.m in Sources */,
				6275CED81FAC14AF00A1C616 /* LiveWithDeleteImageView.m in Sources */,
				62F8013F1F9B5D780038DD5C /* main.m in Sources */,
				62B9C0081F9CC0A0006B5F66 /* DatePickView.m in Sources */,
				622B8AF21FA96B140080552F /* PersonalRightsViewController.m in Sources */,
				62F801891F9B7F5C0038DD5C /* BaseTabBarItem.m in Sources */,
				62F801AD1F9C33E40038DD5C /* BaseTableViewCell.m in Sources */,
				62F801311F9B5D780038DD5C /* AppDelegate.m in Sources */,
				62F801CB1F9C6AFE0038DD5C /* CategoryTableViewCell.m in Sources */,
				62F801A61F9B916E0038DD5C /* SetTableViewController.m in Sources */,
				62282D591FA6097C007E3ABE /* SHFMDBManager.m in Sources */,
				62F801BA1F9C3F010038DD5C /* BaseModel.m in Sources */,
				622B8AFB1FA9ADBC0080552F /* SHPlainTableView.m in Sources */,
				6275CEDE1FAC14CD00A1C616 /* TableViewCellWithTitle.m in Sources */,
				62282C741F9F7998007E3ABE /* UIColor+Translate.m in Sources */,
				62F801CE1F9C6BFE0038DD5C /* CommodityRewardingViewController.m in Sources */,
				62F801711F9B5EC60038DD5C /* BaseNavViewController.m in Sources */,
			);
			runOnlyForDeploymentPostprocessing = 0;
		};
		62F801401F9B5D780038DD5C /* Sources */ = {
			isa = PBXSourcesBuildPhase;
			buildActionMask = 2147483647;
			files = (
				62F801491F9B5D780038DD5C /* HomeTests.m in Sources */,
			);
			runOnlyForDeploymentPostprocessing = 0;
		};
		62F8014B1F9B5D790038DD5C /* Sources */ = {
			isa = PBXSourcesBuildPhase;
			buildActionMask = 2147483647;
			files = (
				62F801541F9B5D790038DD5C /* HomeUITests.m in Sources */,
			);
			runOnlyForDeploymentPostprocessing = 0;
		};
		62F8018A1F9B8C390038DD5C /* Sources */ = {
			isa = PBXSourcesBuildPhase;
			buildActionMask = 2147483647;
			files = (
			);
			runOnlyForDeploymentPostprocessing = 0;
		};
/* End PBXSourcesBuildPhase section */

/* Begin PBXTargetDependency section */
		62F801461F9B5D780038DD5C /* PBXTargetDependency */ = {
			isa = PBXTargetDependency;
			target = 62F8012B1F9B5D780038DD5C /* Home */;
			targetProxy = 62F801451F9B5D780038DD5C /* PBXContainerItemProxy */;
		};
		62F801511F9B5D790038DD5C /* PBXTargetDependency */ = {
			isa = PBXTargetDependency;
			target = 62F8012B1F9B5D780038DD5C /* Home */;
			targetProxy = 62F801501F9B5D790038DD5C /* PBXContainerItemProxy */;
		};
		62F801991F9B8E210038DD5C /* PBXTargetDependency */ = {
			isa = PBXTargetDependency;
			target = 62F8018D1F9B8C390038DD5C /* HomeSource */;
			targetProxy = 62F801981F9B8E210038DD5C /* PBXContainerItemProxy */;
		};
/* End PBXTargetDependency section */

/* Begin PBXVariantGroup section */
		62F801351F9B5D780038DD5C /* Main.storyboard */ = {
			isa = PBXVariantGroup;
			children = (
				62F801361F9B5D780038DD5C /* Base */,
			);
			name = Main.storyboard;
			sourceTree = "<group>";
		};
		62F8013A1F9B5D780038DD5C /* LaunchScreen.storyboard */ = {
			isa = PBXVariantGroup;
			children = (
				62F8013B1F9B5D780038DD5C /* Base */,
			);
			name = LaunchScreen.storyboard;
			sourceTree = "<group>";
		};
/* End PBXVariantGroup section */

/* Begin XCBuildConfiguration section */
		62F801561F9B5D790038DD5C /* Debug */ = {
			isa = XCBuildConfiguration;
			buildSettings = {
				ALWAYS_SEARCH_USER_PATHS = NO;
				CLANG_ANALYZER_NONNULL = YES;
				CLANG_ANALYZER_NUMBER_OBJECT_CONVERSION = YES_AGGRESSIVE;
				CLANG_CXX_LANGUAGE_STANDARD = "gnu++14";
				CLANG_CXX_LIBRARY = "libc++";
				CLANG_ENABLE_MODULES = YES;
				CLANG_ENABLE_OBJC_ARC = YES;
				CLANG_WARN_BLOCK_CAPTURE_AUTORELEASING = YES;
				CLANG_WARN_BOOL_CONVERSION = YES;
				CLANG_WARN_COMMA = YES;
				CLANG_WARN_CONSTANT_CONVERSION = YES;
				CLANG_WARN_DIRECT_OBJC_ISA_USAGE = YES_ERROR;
				CLANG_WARN_DOCUMENTATION_COMMENTS = YES;
				CLANG_WARN_EMPTY_BODY = YES;
				CLANG_WARN_ENUM_CONVERSION = YES;
				CLANG_WARN_INFINITE_RECURSION = YES;
				CLANG_WARN_INT_CONVERSION = YES;
				CLANG_WARN_NON_LITERAL_NULL_CONVERSION = YES;
				CLANG_WARN_OBJC_LITERAL_CONVERSION = YES;
				CLANG_WARN_OBJC_ROOT_CLASS = YES_ERROR;
				CLANG_WARN_RANGE_LOOP_ANALYSIS = YES;
				CLANG_WARN_STRICT_PROTOTYPES = YES;
				CLANG_WARN_SUSPICIOUS_MOVE = YES;
				CLANG_WARN_UNGUARDED_AVAILABILITY = YES_AGGRESSIVE;
				CLANG_WARN_UNREACHABLE_CODE = YES;
				CLANG_WARN__DUPLICATE_METHOD_MATCH = YES;
				CODE_SIGN_IDENTITY = "iPhone Developer";
				COPY_PHASE_STRIP = NO;
				DEBUG_INFORMATION_FORMAT = dwarf;
				ENABLE_STRICT_OBJC_MSGSEND = YES;
				ENABLE_TESTABILITY = YES;
				GCC_C_LANGUAGE_STANDARD = gnu11;
				GCC_DYNAMIC_NO_PIC = NO;
				GCC_NO_COMMON_BLOCKS = YES;
				GCC_OPTIMIZATION_LEVEL = 0;
				GCC_PREPROCESSOR_DEFINITIONS = (
					"DEBUG=1",
					"$(inherited)",
				);
				GCC_WARN_64_TO_32_BIT_CONVERSION = YES;
				GCC_WARN_ABOUT_RETURN_TYPE = YES_ERROR;
				GCC_WARN_UNDECLARED_SELECTOR = YES;
				GCC_WARN_UNINITIALIZED_AUTOS = YES_AGGRESSIVE;
				GCC_WARN_UNUSED_FUNCTION = YES;
				GCC_WARN_UNUSED_VARIABLE = YES;
				IPHONEOS_DEPLOYMENT_TARGET = 9.0;
				MTL_ENABLE_DEBUG_INFO = YES;
				ONLY_ACTIVE_ARCH = YES;
				SDKROOT = iphoneos;
			};
			name = Debug;
		};
		62F801571F9B5D790038DD5C /* Release */ = {
			isa = XCBuildConfiguration;
			buildSettings = {
				ALWAYS_SEARCH_USER_PATHS = NO;
				CLANG_ANALYZER_NONNULL = YES;
				CLANG_ANALYZER_NUMBER_OBJECT_CONVERSION = YES_AGGRESSIVE;
				CLANG_CXX_LANGUAGE_STANDARD = "gnu++14";
				CLANG_CXX_LIBRARY = "libc++";
				CLANG_ENABLE_MODULES = YES;
				CLANG_ENABLE_OBJC_ARC = YES;
				CLANG_WARN_BLOCK_CAPTURE_AUTORELEASING = YES;
				CLANG_WARN_BOOL_CONVERSION = YES;
				CLANG_WARN_COMMA = YES;
				CLANG_WARN_CONSTANT_CONVERSION = YES;
				CLANG_WARN_DIRECT_OBJC_ISA_USAGE = YES_ERROR;
				CLANG_WARN_DOCUMENTATION_COMMENTS = YES;
				CLANG_WARN_EMPTY_BODY = YES;
				CLANG_WARN_ENUM_CONVERSION = YES;
				CLANG_WARN_INFINITE_RECURSION = YES;
				CLANG_WARN_INT_CONVERSION = YES;
				CLANG_WARN_NON_LITERAL_NULL_CONVERSION = YES;
				CLANG_WARN_OBJC_LITERAL_CONVERSION = YES;
				CLANG_WARN_OBJC_ROOT_CLASS = YES_ERROR;
				CLANG_WARN_RANGE_LOOP_ANALYSIS = YES;
				CLANG_WARN_STRICT_PROTOTYPES = YES;
				CLANG_WARN_SUSPICIOUS_MOVE = YES;
				CLANG_WARN_UNGUARDED_AVAILABILITY = YES_AGGRESSIVE;
				CLANG_WARN_UNREACHABLE_CODE = YES;
				CLANG_WARN__DUPLICATE_METHOD_MATCH = YES;
				CODE_SIGN_IDENTITY = "iPhone Developer";
				COPY_PHASE_STRIP = NO;
				DEBUG_INFORMATION_FORMAT = "dwarf-with-dsym";
				ENABLE_NS_ASSERTIONS = NO;
				ENABLE_STRICT_OBJC_MSGSEND = YES;
				GCC_C_LANGUAGE_STANDARD = gnu11;
				GCC_NO_COMMON_BLOCKS = YES;
				GCC_WARN_64_TO_32_BIT_CONVERSION = YES;
				GCC_WARN_ABOUT_RETURN_TYPE = YES_ERROR;
				GCC_WARN_UNDECLARED_SELECTOR = YES;
				GCC_WARN_UNINITIALIZED_AUTOS = YES_AGGRESSIVE;
				GCC_WARN_UNUSED_FUNCTION = YES;
				GCC_WARN_UNUSED_VARIABLE = YES;
				IPHONEOS_DEPLOYMENT_TARGET = 9.0;
				MTL_ENABLE_DEBUG_INFO = NO;
				SDKROOT = iphoneos;
				VALIDATE_PRODUCT = YES;
			};
			name = Release;
		};
		62F801591F9B5D790038DD5C /* Debug */ = {
			isa = XCBuildConfiguration;
			baseConfigurationReference = CE6B64D09080A05D3304AE1F /* Pods-Home.debug.xcconfig */;
			buildSettings = {
				ASSETCATALOG_COMPILER_APPICON_NAME = AppIcon;
				CODE_SIGN_STYLE = Automatic;
				DEVELOPMENT_TEAM = TDT34TC7ER;
				FRAMEWORK_SEARCH_PATHS = (
					"$(inherited)",
					"$(PROJECT_DIR)/Home/library/umeng_sdk_ios/common",
					"$(PROJECT_DIR)/Home/library/umeng_sdk_ios/analytics",
					"$(PROJECT_DIR)/Home/library/umeng_sdk_ios/thirdparties/thirdparties_ios_1.0.0.16",
					"$(PROJECT_DIR)/Home/library/umeng_sdk_ios/UMSocial/UMSocialUI",
					"$(PROJECT_DIR)/Home/library/umeng_sdk_ios/UMSocial/UMSocialSDK",
				);
				GCC_PREFIX_HEADER = "$(PROJECT_DIR)/Home/Home.pch";
				INFOPLIST_FILE = Home/Info.plist;
				LD_RUNPATH_SEARCH_PATHS = "$(inherited) @executable_path/Frameworks";
				LIBRARY_SEARCH_PATHS = (
					"$(inherited)",
					"$(PROJECT_DIR)/Home/library/crasheye_ios_v2.5.2",
					"$(PROJECT_DIR)/Home/library/umeng_sdk_ios/UMSocial/SocialLibraries/SMS",
					"$(PROJECT_DIR)/Home/library/umeng_sdk_ios/UMSocial/SocialLibraries/UniqueId",
					"$(PROJECT_DIR)/Home/library/umeng_sdk_ios/UMSocial/SocialLibraries/WeChat",
					"$(PROJECT_DIR)/Home/library/umeng_sdk_ios/UMSocial/SocialLibraries/Sina",
					"$(PROJECT_DIR)/Home/library/umeng_sdk_ios/UMSocial/SocialLibraries/QQ",
					"$(PROJECT_DIR)/Home/library/umeng_sdk_ios/UMSocial/UMSocialSDKPlugin",
					"$(PROJECT_DIR)/Home/library/SHUIImagePickerControllerLibrary",
				);
				OTHER_LDFLAGS = (
					"$(inherited)",
					"-ObjC",
					"-l\"MBProgressHUD\"",
					"-framework",
					"\"CoreGraphics\"",
					"-framework",
					"\"QuartzCore\"",
					"-licucore",
					"-ObjC",
				);
				PRODUCT_BUNDLE_IDENTIFIER = com.SmallHeat.Home;
				PRODUCT_NAME = "$(TARGET_NAME)";
				TARGETED_DEVICE_FAMILY = "1,2";
			};
			name = Debug;
		};
		62F8015A1F9B5D790038DD5C /* Release */ = {
			isa = XCBuildConfiguration;
			baseConfigurationReference = A097E1C3B9371F5718A62CBD /* Pods-Home.release.xcconfig */;
			buildSettings = {
				ASSETCATALOG_COMPILER_APPICON_NAME = AppIcon;
				CODE_SIGN_STYLE = Automatic;
				DEVELOPMENT_TEAM = TDT34TC7ER;
				FRAMEWORK_SEARCH_PATHS = (
					"$(inherited)",
					"$(PROJECT_DIR)/Home/library/umeng_sdk_ios/common",
					"$(PROJECT_DIR)/Home/library/umeng_sdk_ios/analytics",
					"$(PROJECT_DIR)/Home/library/umeng_sdk_ios/thirdparties/thirdparties_ios_1.0.0.16",
					"$(PROJECT_DIR)/Home/library/umeng_sdk_ios/UMSocial/UMSocialUI",
					"$(PROJECT_DIR)/Home/library/umeng_sdk_ios/UMSocial/UMSocialSDK",
				);
				GCC_PREFIX_HEADER = "$(PROJECT_DIR)/Home/Home.pch";
				INFOPLIST_FILE = Home/Info.plist;
				LD_RUNPATH_SEARCH_PATHS = "$(inherited) @executable_path/Frameworks";
				LIBRARY_SEARCH_PATHS = (
					"$(inherited)",
					"$(PROJECT_DIR)/Home/library/crasheye_ios_v2.5.2",
					"$(PROJECT_DIR)/Home/library/umeng_sdk_ios/UMSocial/SocialLibraries/SMS",
					"$(PROJECT_DIR)/Home/library/umeng_sdk_ios/UMSocial/SocialLibraries/UniqueId",
					"$(PROJECT_DIR)/Home/library/umeng_sdk_ios/UMSocial/SocialLibraries/WeChat",
					"$(PROJECT_DIR)/Home/library/umeng_sdk_ios/UMSocial/SocialLibraries/Sina",
					"$(PROJECT_DIR)/Home/library/umeng_sdk_ios/UMSocial/SocialLibraries/QQ",
					"$(PROJECT_DIR)/Home/library/umeng_sdk_ios/UMSocial/UMSocialSDKPlugin",
					"$(PROJECT_DIR)/Home/library/SHUIImagePickerControllerLibrary",
				);
				OTHER_LDFLAGS = (
					"$(inherited)",
					"-ObjC",
					"-l\"MBProgressHUD\"",
					"-framework",
					"\"CoreGraphics\"",
					"-framework",
					"\"QuartzCore\"",
					"-licucore",
					"-ObjC",
				);
				PRODUCT_BUNDLE_IDENTIFIER = com.SmallHeat.Home;
				PRODUCT_NAME = "$(TARGET_NAME)";
				TARGETED_DEVICE_FAMILY = "1,2";
			};
			name = Release;
		};
		62F8015C1F9B5D790038DD5C /* Debug */ = {
			isa = XCBuildConfiguration;
			buildSettings = {
				BUNDLE_LOADER = "$(TEST_HOST)";
				CODE_SIGN_STYLE = Automatic;
				DEVELOPMENT_TEAM = TDT34TC7ER;
				INFOPLIST_FILE = HomeTests/Info.plist;
				LD_RUNPATH_SEARCH_PATHS = "$(inherited) @executable_path/Frameworks @loader_path/Frameworks";
				PRODUCT_BUNDLE_IDENTIFIER = com.SmallHeat.HomeTests;
				PRODUCT_NAME = "$(TARGET_NAME)";
				TARGETED_DEVICE_FAMILY = "1,2";
				TEST_HOST = "$(BUILT_PRODUCTS_DIR)/Home.app/Home";
			};
			name = Debug;
		};
		62F8015D1F9B5D790038DD5C /* Release */ = {
			isa = XCBuildConfiguration;
			buildSettings = {
				BUNDLE_LOADER = "$(TEST_HOST)";
				CODE_SIGN_STYLE = Automatic;
				DEVELOPMENT_TEAM = TDT34TC7ER;
				INFOPLIST_FILE = HomeTests/Info.plist;
				LD_RUNPATH_SEARCH_PATHS = "$(inherited) @executable_path/Frameworks @loader_path/Frameworks";
				PRODUCT_BUNDLE_IDENTIFIER = com.SmallHeat.HomeTests;
				PRODUCT_NAME = "$(TARGET_NAME)";
				TARGETED_DEVICE_FAMILY = "1,2";
				TEST_HOST = "$(BUILT_PRODUCTS_DIR)/Home.app/Home";
			};
			name = Release;
		};
		62F8015F1F9B5D790038DD5C /* Debug */ = {
			isa = XCBuildConfiguration;
			buildSettings = {
				CODE_SIGN_STYLE = Automatic;
				DEVELOPMENT_TEAM = TDT34TC7ER;
				INFOPLIST_FILE = HomeUITests/Info.plist;
				LD_RUNPATH_SEARCH_PATHS = "$(inherited) @executable_path/Frameworks @loader_path/Frameworks";
				PRODUCT_BUNDLE_IDENTIFIER = com.SmallHeat.HomeUITests;
				PRODUCT_NAME = "$(TARGET_NAME)";
				TARGETED_DEVICE_FAMILY = "1,2";
				TEST_TARGET_NAME = Home;
			};
			name = Debug;
		};
		62F801601F9B5D790038DD5C /* Release */ = {
			isa = XCBuildConfiguration;
			buildSettings = {
				CODE_SIGN_STYLE = Automatic;
				DEVELOPMENT_TEAM = TDT34TC7ER;
				INFOPLIST_FILE = HomeUITests/Info.plist;
				LD_RUNPATH_SEARCH_PATHS = "$(inherited) @executable_path/Frameworks @loader_path/Frameworks";
				PRODUCT_BUNDLE_IDENTIFIER = com.SmallHeat.HomeUITests;
				PRODUCT_NAME = "$(TARGET_NAME)";
				TARGETED_DEVICE_FAMILY = "1,2";
				TEST_TARGET_NAME = Home;
			};
			name = Release;
		};
		62F801921F9B8C390038DD5C /* Debug */ = {
			isa = XCBuildConfiguration;
			buildSettings = {
				CODE_SIGN_IDENTITY = "Mac Developer";
				CODE_SIGN_STYLE = Automatic;
				COMBINE_HIDPI_IMAGES = YES;
				DEVELOPMENT_TEAM = TDT34TC7ER;
				INFOPLIST_FILE = HomeSource/Info.plist;
				INSTALL_PATH = "$(LOCAL_LIBRARY_DIR)/Bundles";
				MACOSX_DEPLOYMENT_TARGET = 10.13;
				PRODUCT_BUNDLE_IDENTIFIER = com.SmallHeat.HomeSource;
				PRODUCT_NAME = "$(TARGET_NAME)";
				SDKROOT = iphoneos;
				SKIP_INSTALL = YES;
				WRAPPER_EXTENSION = bundle;
			};
			name = Debug;
		};
		62F801931F9B8C390038DD5C /* Release */ = {
			isa = XCBuildConfiguration;
			buildSettings = {
				CODE_SIGN_IDENTITY = "Mac Developer";
				CODE_SIGN_STYLE = Automatic;
				COMBINE_HIDPI_IMAGES = YES;
				DEVELOPMENT_TEAM = TDT34TC7ER;
				INFOPLIST_FILE = HomeSource/Info.plist;
				INSTALL_PATH = "$(LOCAL_LIBRARY_DIR)/Bundles";
				MACOSX_DEPLOYMENT_TARGET = 10.13;
				PRODUCT_BUNDLE_IDENTIFIER = com.SmallHeat.HomeSource;
				PRODUCT_NAME = "$(TARGET_NAME)";
				SDKROOT = iphoneos;
				SKIP_INSTALL = YES;
				WRAPPER_EXTENSION = bundle;
			};
			name = Release;
		};
/* End XCBuildConfiguration section */

/* Begin XCConfigurationList section */
		62F801271F9B5D780038DD5C /* Build configuration list for PBXProject "Home" */ = {
			isa = XCConfigurationList;
			buildConfigurations = (
				62F801561F9B5D790038DD5C /* Debug */,
				62F801571F9B5D790038DD5C /* Release */,
			);
			defaultConfigurationIsVisible = 0;
			defaultConfigurationName = Release;
		};
		62F801581F9B5D790038DD5C /* Build configuration list for PBXNativeTarget "Home" */ = {
			isa = XCConfigurationList;
			buildConfigurations = (
				62F801591F9B5D790038DD5C /* Debug */,
				62F8015A1F9B5D790038DD5C /* Release */,
			);
			defaultConfigurationIsVisible = 0;
			defaultConfigurationName = Release;
		};
		62F8015B1F9B5D790038DD5C /* Build configuration list for PBXNativeTarget "HomeTests" */ = {
			isa = XCConfigurationList;
			buildConfigurations = (
				62F8015C1F9B5D790038DD5C /* Debug */,
				62F8015D1F9B5D790038DD5C /* Release */,
			);
			defaultConfigurationIsVisible = 0;
			defaultConfigurationName = Release;
		};
		62F8015E1F9B5D790038DD5C /* Build configuration list for PBXNativeTarget "HomeUITests" */ = {
			isa = XCConfigurationList;
			buildConfigurations = (
				62F8015F1F9B5D790038DD5C /* Debug */,
				62F801601F9B5D790038DD5C /* Release */,
			);
			defaultConfigurationIsVisible = 0;
			defaultConfigurationName = Release;
		};
		62F801911F9B8C390038DD5C /* Build configuration list for PBXNativeTarget "HomeSource" */ = {
			isa = XCConfigurationList;
			buildConfigurations = (
				62F801921F9B8C390038DD5C /* Debug */,
				62F801931F9B8C390038DD5C /* Release */,
			);
			defaultConfigurationIsVisible = 0;
			defaultConfigurationName = Release;
		};
/* End XCConfigurationList section */
	};
	rootObject = 62F801241F9B5D780038DD5C /* Project object */;
}
